// !$*UTF8*$!
{
	archiveVersion = 1;
	classes = {
	};
	objectVersion = 46;
	objects = {

/* Begin PBXBuildFile section */
		1B48D6371DA54C1300EF1681 /* OGLevelController.m in Sources */ = {isa = PBXBuildFile; fileRef = 1B48D6361DA54C1300EF1681 /* OGLevelController.m */; };
		1B48D63B1DA54E4F00EF1681 /* OGLevel.m in Sources */ = {isa = PBXBuildFile; fileRef = 1B48D63A1DA54E4F00EF1681 /* OGLevel.m */; };
		1B9458A41DA6B08900C0C951 /* OGBasicGameNode.m in Sources */ = {isa = PBXBuildFile; fileRef = 1B9458A31DA6B08900C0C951 /* OGBasicGameNode.m */; };
		1B9458A71DA6B0B300C0C951 /* OGBonusNode.m in Sources */ = {isa = PBXBuildFile; fileRef = 1B9458A61DA6B0B300C0C951 /* OGBonusNode.m */; };
		1BDD76321DA7C26500C522DE /* OGObstacleNode.m in Sources */ = {isa = PBXBuildFile; fileRef = 1BDD762F1DA7C26500C522DE /* OGObstacleNode.m */; };
		1BDD76331DA7C26500C522DE /* OGPlayerNode.m in Sources */ = {isa = PBXBuildFile; fileRef = 1BDD76311DA7C26500C522DE /* OGPlayerNode.m */; };
		EA976C811D9AAEE2003B77FC /* main.m in Sources */ = {isa = PBXBuildFile; fileRef = EA976C801D9AAEE2003B77FC /* main.m */; };
		EA976C841D9AAEE2003B77FC /* OGAppDelegate.m in Sources */ = {isa = PBXBuildFile; fileRef = EA976C831D9AAEE2003B77FC /* OGAppDelegate.m */; };
		EA976C871D9AAEE2003B77FC /* OGGameScene.m in Sources */ = {isa = PBXBuildFile; fileRef = EA976C861D9AAEE2003B77FC /* OGGameScene.m */; };
		EA976C8C1D9AAEE2003B77FC /* OGGameViewController.m in Sources */ = {isa = PBXBuildFile; fileRef = EA976C8B1D9AAEE2003B77FC /* OGGameViewController.m */; };
		EA976C911D9AAEE2003B77FC /* Assets.xcassets in Resources */ = {isa = PBXBuildFile; fileRef = EA976C901D9AAEE2003B77FC /* Assets.xcassets */; };
		EA976CCF1D9C253B003B77FC /* LaunchScreen.storyboard in Resources */ = {isa = PBXBuildFile; fileRef = EA976CCB1D9C253B003B77FC /* LaunchScreen.storyboard */; };
		EA976CD01D9C253B003B77FC /* Main.storyboard in Resources */ = {isa = PBXBuildFile; fileRef = EA976CCD1D9C253B003B77FC /* Main.storyboard */; };
		EA976D011D9ED6BF003B77FC /* SKColor+OGConstantColors.m in Sources */ = {isa = PBXBuildFile; fileRef = EA976D001D9ED6BF003B77FC /* SKColor+OGConstantColors.m */; };
		EA976D041D9EDAB8003B77FC /* OGGameScene+OGGameSceneCreation.m in Sources */ = {isa = PBXBuildFile; fileRef = EA976D031D9EDAB8003B77FC /* OGGameScene+OGGameSceneCreation.m */; };
		EA976D0C1D9FDF76003B77FC /* OGTimer.m in Sources */ = {isa = PBXBuildFile; fileRef = EA976D0B1D9FDF76003B77FC /* OGTimer.m */; };
		EA976D0F1D9FE940003B77FC /* OGTimerNode.m in Sources */ = {isa = PBXBuildFile; fileRef = EA976D0E1D9FE940003B77FC /* OGTimerNode.m */; };
		EAA490B01DA54B72007734F0 /* OGScoreController.m in Sources */ = {isa = PBXBuildFile; fileRef = EAA490AF1DA54B72007734F0 /* OGScoreController.m */; };
/* End PBXBuildFile section */

/* Begin PBXFileReference section */
		1B48D6351DA54C1300EF1681 /* OGLevelController.h */ = {isa = PBXFileReference; fileEncoding = 4; lastKnownFileType = sourcecode.c.h; path = OGLevelController.h; sourceTree = "<group>"; };
		1B48D6361DA54C1300EF1681 /* OGLevelController.m */ = {isa = PBXFileReference; fileEncoding = 4; lastKnownFileType = sourcecode.c.objc; path = OGLevelController.m; sourceTree = "<group>"; };
		1B48D6391DA54E4F00EF1681 /* OGLevel.h */ = {isa = PBXFileReference; fileEncoding = 4; lastKnownFileType = sourcecode.c.h; path = OGLevel.h; sourceTree = "<group>"; };
		1B48D63A1DA54E4F00EF1681 /* OGLevel.m */ = {isa = PBXFileReference; fileEncoding = 4; lastKnownFileType = sourcecode.c.objc; path = OGLevel.m; sourceTree = "<group>"; };
		1B9458A21DA6B08900C0C951 /* OGBasicGameNode.h */ = {isa = PBXFileReference; fileEncoding = 4; lastKnownFileType = sourcecode.c.h; path = OGBasicGameNode.h; sourceTree = "<group>"; };
		1B9458A31DA6B08900C0C951 /* OGBasicGameNode.m */ = {isa = PBXFileReference; fileEncoding = 4; lastKnownFileType = sourcecode.c.objc; path = OGBasicGameNode.m; sourceTree = "<group>"; };
		1B9458A51DA6B0B300C0C951 /* OGBonusNode.h */ = {isa = PBXFileReference; fileEncoding = 4; lastKnownFileType = sourcecode.c.h; path = OGBonusNode.h; sourceTree = "<group>"; };
		1B9458A61DA6B0B300C0C951 /* OGBonusNode.m */ = {isa = PBXFileReference; fileEncoding = 4; lastKnownFileType = sourcecode.c.objc; path = OGBonusNode.m; sourceTree = "<group>"; };
		1BDD762D1DA7C26500C522DE /* OGLevelChanging.h */ = {isa = PBXFileReference; fileEncoding = 4; lastKnownFileType = sourcecode.c.h; path = OGLevelChanging.h; sourceTree = "<group>"; };
		1BDD762E1DA7C26500C522DE /* OGObstacleNode.h */ = {isa = PBXFileReference; fileEncoding = 4; lastKnownFileType = sourcecode.c.h; path = OGObstacleNode.h; sourceTree = "<group>"; };
		1BDD762F1DA7C26500C522DE /* OGObstacleNode.m */ = {isa = PBXFileReference; fileEncoding = 4; lastKnownFileType = sourcecode.c.objc; path = OGObstacleNode.m; sourceTree = "<group>"; };
		1BDD76301DA7C26500C522DE /* OGPlayerNode.h */ = {isa = PBXFileReference; fileEncoding = 4; lastKnownFileType = sourcecode.c.h; path = OGPlayerNode.h; sourceTree = "<group>"; };
		1BDD76311DA7C26500C522DE /* OGPlayerNode.m */ = {isa = PBXFileReference; fileEncoding = 4; lastKnownFileType = sourcecode.c.objc; path = OGPlayerNode.m; sourceTree = "<group>"; };
		EA976C7C1D9AAEE2003B77FC /* Olvido.app */ = {isa = PBXFileReference; explicitFileType = wrapper.application; includeInIndex = 0; path = Olvido.app; sourceTree = BUILT_PRODUCTS_DIR; };
		EA976C801D9AAEE2003B77FC /* main.m */ = {isa = PBXFileReference; lastKnownFileType = sourcecode.c.objc; path = main.m; sourceTree = "<group>"; };
		EA976C821D9AAEE2003B77FC /* OGAppDelegate.h */ = {isa = PBXFileReference; lastKnownFileType = sourcecode.c.h; path = OGAppDelegate.h; sourceTree = "<group>"; };
		EA976C831D9AAEE2003B77FC /* OGAppDelegate.m */ = {isa = PBXFileReference; lastKnownFileType = sourcecode.c.objc; path = OGAppDelegate.m; sourceTree = "<group>"; };
		EA976C851D9AAEE2003B77FC /* OGGameScene.h */ = {isa = PBXFileReference; lastKnownFileType = sourcecode.c.h; path = OGGameScene.h; sourceTree = "<group>"; };
		EA976C861D9AAEE2003B77FC /* OGGameScene.m */ = {isa = PBXFileReference; lastKnownFileType = sourcecode.c.objc; path = OGGameScene.m; sourceTree = "<group>"; };
		EA976C8A1D9AAEE2003B77FC /* OGGameViewController.h */ = {isa = PBXFileReference; lastKnownFileType = sourcecode.c.h; path = OGGameViewController.h; sourceTree = "<group>"; };
		EA976C8B1D9AAEE2003B77FC /* OGGameViewController.m */ = {isa = PBXFileReference; lastKnownFileType = sourcecode.c.objc; path = OGGameViewController.m; sourceTree = "<group>"; };
		EA976C901D9AAEE2003B77FC /* Assets.xcassets */ = {isa = PBXFileReference; lastKnownFileType = folder.assetcatalog; path = Assets.xcassets; sourceTree = "<group>"; };
		EA976C951D9AAEE3003B77FC /* Info.plist */ = {isa = PBXFileReference; lastKnownFileType = text.plist.xml; path = Info.plist; sourceTree = "<group>"; };
		EA976CCC1D9C253B003B77FC /* Base */ = {isa = PBXFileReference; lastKnownFileType = file.storyboard; name = Base; path = Base.lproj/LaunchScreen.storyboard; sourceTree = "<group>"; };
		EA976CCE1D9C253B003B77FC /* Base */ = {isa = PBXFileReference; lastKnownFileType = file.storyboard; name = Base; path = Base.lproj/Main.storyboard; sourceTree = "<group>"; };
		EA976CFF1D9ED6BF003B77FC /* SKColor+OGConstantColors.h */ = {isa = PBXFileReference; fileEncoding = 4; lastKnownFileType = sourcecode.c.h; path = "SKColor+OGConstantColors.h"; sourceTree = "<group>"; };
		EA976D001D9ED6BF003B77FC /* SKColor+OGConstantColors.m */ = {isa = PBXFileReference; fileEncoding = 4; lastKnownFileType = sourcecode.c.objc; path = "SKColor+OGConstantColors.m"; sourceTree = "<group>"; };
		EA976D021D9EDAB8003B77FC /* OGGameScene+OGGameSceneCreation.h */ = {isa = PBXFileReference; fileEncoding = 4; lastKnownFileType = sourcecode.c.h; path = "OGGameScene+OGGameSceneCreation.h"; sourceTree = "<group>"; };
		EA976D031D9EDAB8003B77FC /* OGGameScene+OGGameSceneCreation.m */ = {isa = PBXFileReference; fileEncoding = 4; lastKnownFileType = sourcecode.c.objc; path = "OGGameScene+OGGameSceneCreation.m"; sourceTree = "<group>"; };
		EA976D0A1D9FDF76003B77FC /* OGTimer.h */ = {isa = PBXFileReference; fileEncoding = 4; lastKnownFileType = sourcecode.c.h; path = OGTimer.h; sourceTree = "<group>"; };
		EA976D0B1D9FDF76003B77FC /* OGTimer.m */ = {isa = PBXFileReference; fileEncoding = 4; lastKnownFileType = sourcecode.c.objc; path = OGTimer.m; sourceTree = "<group>"; };
		EA976D0D1D9FE940003B77FC /* OGTimerNode.h */ = {isa = PBXFileReference; fileEncoding = 4; lastKnownFileType = sourcecode.c.h; path = OGTimerNode.h; sourceTree = "<group>"; };
		EA976D0E1D9FE940003B77FC /* OGTimerNode.m */ = {isa = PBXFileReference; fileEncoding = 4; lastKnownFileType = sourcecode.c.objc; path = OGTimerNode.m; sourceTree = "<group>"; };
		EAA490AE1DA54B72007734F0 /* OGScoreController.h */ = {isa = PBXFileReference; fileEncoding = 4; lastKnownFileType = sourcecode.c.h; path = OGScoreController.h; sourceTree = "<group>"; };
		EAA490AF1DA54B72007734F0 /* OGScoreController.m */ = {isa = PBXFileReference; fileEncoding = 4; lastKnownFileType = sourcecode.c.objc; path = OGScoreController.m; sourceTree = "<group>"; };
/* End PBXFileReference section */

/* Begin PBXFrameworksBuildPhase section */
		EA976C791D9AAEE2003B77FC /* Frameworks */ = {
			isa = PBXFrameworksBuildPhase;
			buildActionMask = 2147483647;
			files = (
			);
			runOnlyForDeploymentPostprocessing = 0;
		};
/* End PBXFrameworksBuildPhase section */

/* Begin PBXGroup section */
		1B48D6381DA54E0300EF1681 /* Levels */ = {
			isa = PBXGroup;
			children = (
				1B48D6351DA54C1300EF1681 /* OGLevelController.h */,
				1B48D6361DA54C1300EF1681 /* OGLevelController.m */,
				1B48D6391DA54E4F00EF1681 /* OGLevel.h */,
				1B48D63A1DA54E4F00EF1681 /* OGLevel.m */,
			);
			name = Levels;
			sourceTree = "<group>";
		};
		EA976C731D9AAEE2003B77FC = {
			isa = PBXGroup;
			children = (
				EA976C7E1D9AAEE2003B77FC /* Olvido */,
				EA976C7D1D9AAEE2003B77FC /* Products */,
			);
			sourceTree = "<group>";
		};
		EA976C7D1D9AAEE2003B77FC /* Products */ = {
			isa = PBXGroup;
			children = (
				EA976C7C1D9AAEE2003B77FC /* Olvido.app */,
			);
			name = Products;
			sourceTree = "<group>";
		};
		EA976C7E1D9AAEE2003B77FC /* Olvido */ = {
			isa = PBXGroup;
			children = (
				1B48D6381DA54E0300EF1681 /* Levels */,
				EA976D051D9EDBF8003B77FC /* GameScene */,
				EA976D091D9F03A9003B77FC /* SceneItems */,
				EA976C8A1D9AAEE2003B77FC /* OGGameViewController.h */,
				EA976C8B1D9AAEE2003B77FC /* OGGameViewController.m */,
				EA976C821D9AAEE2003B77FC /* OGAppDelegate.h */,
				EA976C831D9AAEE2003B77FC /* OGAppDelegate.m */,
				EA976CFF1D9ED6BF003B77FC /* SKColor+OGConstantColors.h */,
				EA976D001D9ED6BF003B77FC /* SKColor+OGConstantColors.m */,
				EA976D0A1D9FDF76003B77FC /* OGTimer.h */,
				EA976D0B1D9FDF76003B77FC /* OGTimer.m */,
				EA976CCB1D9C253B003B77FC /* LaunchScreen.storyboard */,
				EA976CCD1D9C253B003B77FC /* Main.storyboard */,
				EA976C901D9AAEE2003B77FC /* Assets.xcassets */,
				EA976C951D9AAEE3003B77FC /* Info.plist */,
				EA976C7F1D9AAEE2003B77FC /* Supporting Files */,
				EAA490AE1DA54B72007734F0 /* OGScoreController.h */,
				EAA490AF1DA54B72007734F0 /* OGScoreController.m */,
			);
			path = Olvido;
			sourceTree = "<group>";
		};
		EA976C7F1D9AAEE2003B77FC /* Supporting Files */ = {
			isa = PBXGroup;
			children = (
				EA976C801D9AAEE2003B77FC /* main.m */,
			);
			name = "Supporting Files";
			sourceTree = "<group>";
		};
		EA976D051D9EDBF8003B77FC /* GameScene */ = {
			isa = PBXGroup;
			children = (
				EA976C851D9AAEE2003B77FC /* OGGameScene.h */,
				EA976C861D9AAEE2003B77FC /* OGGameScene.m */,
				EA976D021D9EDAB8003B77FC /* OGGameScene+OGGameSceneCreation.h */,
				EA976D031D9EDAB8003B77FC /* OGGameScene+OGGameSceneCreation.m */,
			);
			name = GameScene;
			sourceTree = "<group>";
		};
		EA976D091D9F03A9003B77FC /* SceneItems */ = {
			isa = PBXGroup;
			children = (
				1BDD762D1DA7C26500C522DE /* OGLevelChanging.h */,
				1BDD762E1DA7C26500C522DE /* OGObstacleNode.h */,
				1BDD762F1DA7C26500C522DE /* OGObstacleNode.m */,
				1BDD76301DA7C26500C522DE /* OGPlayerNode.h */,
				1BDD76311DA7C26500C522DE /* OGPlayerNode.m */,
				1B9458A21DA6B08900C0C951 /* OGBasicGameNode.h */,
				1B9458A31DA6B08900C0C951 /* OGBasicGameNode.m */,
				EA976D0D1D9FE940003B77FC /* OGTimerNode.h */,
				EA976D0E1D9FE940003B77FC /* OGTimerNode.m */,
				1B9458A51DA6B0B300C0C951 /* OGBonusNode.h */,
				1B9458A61DA6B0B300C0C951 /* OGBonusNode.m */,
			);
			name = SceneItems;
			sourceTree = "<group>";
		};
/* End PBXGroup section */

/* Begin PBXNativeTarget section */
		EA976C7B1D9AAEE2003B77FC /* Olvido */ = {
			isa = PBXNativeTarget;
			buildConfigurationList = EA976C981D9AAEE3003B77FC /* Build configuration list for PBXNativeTarget "Olvido" */;
			buildPhases = (
				EA976C781D9AAEE2003B77FC /* Sources */,
				EA976C791D9AAEE2003B77FC /* Frameworks */,
				EA976C7A1D9AAEE2003B77FC /* Resources */,
			);
			buildRules = (
			);
			dependencies = (
			);
			name = Olvido;
			productName = Olvido;
			productReference = EA976C7C1D9AAEE2003B77FC /* Olvido.app */;
			productType = "com.apple.product-type.application";
		};
/* End PBXNativeTarget section */

/* Begin PBXProject section */
		EA976C741D9AAEE2003B77FC /* Project object */ = {
			isa = PBXProject;
			attributes = {
				CLASSPREFIX = OG;
				LastUpgradeCheck = 0730;
				ORGANIZATIONNAME = "Дмитрий Антипенко";
				TargetAttributes = {
					EA976C7B1D9AAEE2003B77FC = {
						CreatedOnToolsVersion = 7.3.1;
						DevelopmentTeam = 93L4B89BM9;
					};
				};
			};
			buildConfigurationList = EA976C771D9AAEE2003B77FC /* Build configuration list for PBXProject "Olvido" */;
			compatibilityVersion = "Xcode 3.2";
			developmentRegion = English;
			hasScannedForEncodings = 0;
			knownRegions = (
				en,
				Base,
			);
			mainGroup = EA976C731D9AAEE2003B77FC;
			productRefGroup = EA976C7D1D9AAEE2003B77FC /* Products */;
			projectDirPath = "";
			projectRoot = "";
			targets = (
				EA976C7B1D9AAEE2003B77FC /* Olvido */,
			);
		};
/* End PBXProject section */

/* Begin PBXResourcesBuildPhase section */
		EA976C7A1D9AAEE2003B77FC /* Resources */ = {
			isa = PBXResourcesBuildPhase;
			buildActionMask = 2147483647;
			files = (
				EA976CD01D9C253B003B77FC /* Main.storyboard in Resources */,
				EA976C911D9AAEE2003B77FC /* Assets.xcassets in Resources */,
				EA976CCF1D9C253B003B77FC /* LaunchScreen.storyboard in Resources */,
			);
			runOnlyForDeploymentPostprocessing = 0;
		};
/* End PBXResourcesBuildPhase section */

/* Begin PBXSourcesBuildPhase section */
		EA976C781D9AAEE2003B77FC /* Sources */ = {
			isa = PBXSourcesBuildPhase;
			buildActionMask = 2147483647;
			files = (
				1B9458A71DA6B0B300C0C951 /* OGBonusNode.m in Sources */,
				EA976D041D9EDAB8003B77FC /* OGGameScene+OGGameSceneCreation.m in Sources */,
				EA976D0C1D9FDF76003B77FC /* OGTimer.m in Sources */,
				1B48D63B1DA54E4F00EF1681 /* OGLevel.m in Sources */,
				EA976D011D9ED6BF003B77FC /* SKColor+OGConstantColors.m in Sources */,
				EAA490B01DA54B72007734F0 /* OGScoreController.m in Sources */,
				1BDD76331DA7C26500C522DE /* OGPlayerNode.m in Sources */,
				1B48D6371DA54C1300EF1681 /* OGLevelController.m in Sources */,
				EA976C8C1D9AAEE2003B77FC /* OGGameViewController.m in Sources */,
				EA976C841D9AAEE2003B77FC /* OGAppDelegate.m in Sources */,
				1B9458A41DA6B08900C0C951 /* OGBasicGameNode.m in Sources */,
				1BDD76321DA7C26500C522DE /* OGObstacleNode.m in Sources */,
				EA976D0F1D9FE940003B77FC /* OGTimerNode.m in Sources */,
				EA976C871D9AAEE2003B77FC /* OGGameScene.m in Sources */,
				EA976C811D9AAEE2003B77FC /* main.m in Sources */,
			);
			runOnlyForDeploymentPostprocessing = 0;
		};
/* End PBXSourcesBuildPhase section */

/* Begin PBXVariantGroup section */
		EA976CCB1D9C253B003B77FC /* LaunchScreen.storyboard */ = {
			isa = PBXVariantGroup;
			children = (
				EA976CCC1D9C253B003B77FC /* Base */,
			);
			name = LaunchScreen.storyboard;
			sourceTree = "<group>";
		};
		EA976CCD1D9C253B003B77FC /* Main.storyboard */ = {
			isa = PBXVariantGroup;
			children = (
				EA976CCE1D9C253B003B77FC /* Base */,
			);
			name = Main.storyboard;
			sourceTree = "<group>";
		};
/* End PBXVariantGroup section */

/* Begin XCBuildConfiguration section */
		EA976C961D9AAEE3003B77FC /* Debug */ = {
			isa = XCBuildConfiguration;
			buildSettings = {
				ALWAYS_SEARCH_USER_PATHS = NO;
				CLANG_ANALYZER_NONNULL = YES;
				CLANG_CXX_LANGUAGE_STANDARD = "gnu++0x";
				CLANG_CXX_LIBRARY = "libc++";
				CLANG_ENABLE_MODULES = YES;
				CLANG_ENABLE_OBJC_ARC = NO;
				CLANG_WARN_BOOL_CONVERSION = YES;
				CLANG_WARN_CONSTANT_CONVERSION = YES;
				CLANG_WARN_DIRECT_OBJC_ISA_USAGE = YES_ERROR;
				CLANG_WARN_EMPTY_BODY = YES;
				CLANG_WARN_ENUM_CONVERSION = YES;
				CLANG_WARN_INT_CONVERSION = YES;
				CLANG_WARN_OBJC_ROOT_CLASS = YES_ERROR;
				CLANG_WARN_UNREACHABLE_CODE = YES;
				CLANG_WARN__DUPLICATE_METHOD_MATCH = YES;
				"CODE_SIGN_IDENTITY[sdk=iphoneos*]" = "iPhone Developer";
				COPY_PHASE_STRIP = NO;
				DEBUG_INFORMATION_FORMAT = "dwarf-with-dsym";
				ENABLE_STRICT_OBJC_MSGSEND = YES;
				ENABLE_TESTABILITY = YES;
				GCC_C_LANGUAGE_STANDARD = gnu99;
				GCC_DYNAMIC_NO_PIC = NO;
				GCC_NO_COMMON_BLOCKS = YES;
				GCC_OPTIMIZATION_LEVEL = 0;
				GCC_PREPROCESSOR_DEFINITIONS = (
					"DEBUG=1",
					"$(inherited)",
				);
				GCC_WARN_64_TO_32_BIT_CONVERSION = YES;
				GCC_WARN_ABOUT_RETURN_TYPE = YES_ERROR;
				GCC_WARN_UNDECLARED_SELECTOR = YES;
				GCC_WARN_UNINITIALIZED_AUTOS = YES_AGGRESSIVE;
				GCC_WARN_UNUSED_FUNCTION = YES;
				GCC_WARN_UNUSED_VARIABLE = YES;
				IPHONEOS_DEPLOYMENT_TARGET = 9.3;
				MTL_ENABLE_DEBUG_INFO = YES;
				ONLY_ACTIVE_ARCH = YES;
				SDKROOT = iphoneos;
				TARGETED_DEVICE_FAMILY = "1,2";
			};
			name = Debug;
		};
		EA976C971D9AAEE3003B77FC /* Release */ = {
			isa = XCBuildConfiguration;
			buildSettings = {
				ALWAYS_SEARCH_USER_PATHS = NO;
				CLANG_ANALYZER_NONNULL = YES;
				CLANG_CXX_LANGUAGE_STANDARD = "gnu++0x";
				CLANG_CXX_LIBRARY = "libc++";
				CLANG_ENABLE_MODULES = YES;
				CLANG_ENABLE_OBJC_ARC = NO;
				CLANG_WARN_BOOL_CONVERSION = YES;
				CLANG_WARN_CONSTANT_CONVERSION = YES;
				CLANG_WARN_DIRECT_OBJC_ISA_USAGE = YES_ERROR;
				CLANG_WARN_EMPTY_BODY = YES;
				CLANG_WARN_ENUM_CONVERSION = YES;
				CLANG_WARN_INT_CONVERSION = YES;
				CLANG_WARN_OBJC_ROOT_CLASS = YES_ERROR;
				CLANG_WARN_UNREACHABLE_CODE = YES;
				CLANG_WARN__DUPLICATE_METHOD_MATCH = YES;
				"CODE_SIGN_IDENTITY[sdk=iphoneos*]" = "iPhone Developer";
				COPY_PHASE_STRIP = NO;
				DEBUG_INFORMATION_FORMAT = "dwarf-with-dsym";
				ENABLE_NS_ASSERTIONS = NO;
				ENABLE_STRICT_OBJC_MSGSEND = YES;
				GCC_C_LANGUAGE_STANDARD = gnu99;
				GCC_NO_COMMON_BLOCKS = YES;
				GCC_WARN_64_TO_32_BIT_CONVERSION = YES;
				GCC_WARN_ABOUT_RETURN_TYPE = YES_ERROR;
				GCC_WARN_UNDECLARED_SELECTOR = YES;
				GCC_WARN_UNINITIALIZED_AUTOS = YES_AGGRESSIVE;
				GCC_WARN_UNUSED_FUNCTION = YES;
				GCC_WARN_UNUSED_VARIABLE = YES;
				IPHONEOS_DEPLOYMENT_TARGET = 9.3;
				MTL_ENABLE_DEBUG_INFO = NO;
				SDKROOT = iphoneos;
				TARGETED_DEVICE_FAMILY = "1,2";
				VALIDATE_PRODUCT = YES;
			};
			name = Release;
		};
		EA976C991D9AAEE3003B77FC /* Debug */ = {
			isa = XCBuildConfiguration;
			buildSettings = {
				ASSETCATALOG_COMPILER_APPICON_NAME = AppIcon;
				CLANG_ENABLE_OBJC_ARC = NO;
				CODE_SIGN_IDENTITY = "iPhone Developer";
				"CODE_SIGN_IDENTITY[sdk=iphoneos*]" = "iPhone Developer";
				INFOPLIST_FILE = Olvido/Info.plist;
				IPHONEOS_DEPLOYMENT_TARGET = 9.3;
				LD_RUNPATH_SEARCH_PATHS = "$(inherited) @executable_path/Frameworks";
				PRODUCT_BUNDLE_IDENTIFIER = ZEOUniversity.OlvidoTeam;
				PRODUCT_NAME = "$(TARGET_NAME)";
				PROVISIONING_PROFILE = "";
			};
			name = Debug;
		};
		EA976C9A1D9AAEE3003B77FC /* Release */ = {
			isa = XCBuildConfiguration;
			buildSettings = {
				ASSETCATALOG_COMPILER_APPICON_NAME = AppIcon;
				CLANG_ENABLE_OBJC_ARC = NO;
				CODE_SIGN_IDENTITY = "iPhone Developer";
				"CODE_SIGN_IDENTITY[sdk=iphoneos*]" = "iPhone Developer";
				INFOPLIST_FILE = Olvido/Info.plist;
				IPHONEOS_DEPLOYMENT_TARGET = 9.3;
				LD_RUNPATH_SEARCH_PATHS = "$(inherited) @executable_path/Frameworks";
				PRODUCT_BUNDLE_IDENTIFIER = ZEOUniversity.OlvidoTeam;
				PRODUCT_NAME = "$(TARGET_NAME)";
				PROVISIONING_PROFILE = "";
			};
			name = Release;
		};
/* End XCBuildConfiguration section */

/* Begin XCConfigurationList section */
		EA976C771D9AAEE2003B77FC /* Build configuration list for PBXProject "Olvido" */ = {
			isa = XCConfigurationList;
			buildConfigurations = (
				EA976C961D9AAEE3003B77FC /* Debug */,
				EA976C971D9AAEE3003B77FC /* Release */,
			);
			defaultConfigurationIsVisible = 0;
			defaultConfigurationName = Release;
		};
		EA976C981D9AAEE3003B77FC /* Build configuration list for PBXNativeTarget "Olvido" */ = {
			isa = XCConfigurationList;
			buildConfigurations = (
				EA976C991D9AAEE3003B77FC /* Debug */,
				EA976C9A1D9AAEE3003B77FC /* Release */,
			);
			defaultConfigurationIsVisible = 0;
			defaultConfigurationName = Release;
		};
/* End XCConfigurationList section */
	};
	rootObject = EA976C741D9AAEE2003B77FC /* Project object */;
}
