// !$*UTF8*$!
{
	archiveVersion = 1;
	classes = {
	};
	objectVersion = 46;
	objects = {

/* Begin PBXBuildFile section */
		1B2388DB1DB4BDD000A9092B /* OGDragMovementControlComponent.m in Sources */ = {isa = PBXBuildFile; fileRef = 1B2388DA1DB4BDD000A9092B /* OGDragMovementControlComponent.m */; };
		1B2388DF1DB4C4A000A9092B /* OGMovementControlComponent.m in Sources */ = {isa = PBXBuildFile; fileRef = 1B2388DE1DB4C4A000A9092B /* OGMovementControlComponent.m */; };
		1B2388E21DB4C97700A9092B /* OGTapMovementControlComponent.m in Sources */ = {isa = PBXBuildFile; fileRef = 1B2388E11DB4C97700A9092B /* OGTapMovementControlComponent.m */; };
		1B27EA9C1DC090BE00E9CA23 /* OGMainMenuScene.sks in Resources */ = {isa = PBXBuildFile; fileRef = 1B27EA9B1DC090BE00E9CA23 /* OGMainMenuScene.sks */; };
		1B27EA9F1DC092DA00E9CA23 /* OGButtonNode.m in Sources */ = {isa = PBXBuildFile; fileRef = 1B27EA9E1DC092DA00E9CA23 /* OGButtonNode.m */; };
		1B27EAA21DC0934300E9CA23 /* OGMainMenuScene.m in Sources */ = {isa = PBXBuildFile; fileRef = 1B27EAA11DC0934300E9CA23 /* OGMainMenuScene.m */; };
		1B27EAA51DC0BCF300E9CA23 /* OGTapAndStopMovementControlComponent.m in Sources */ = {isa = PBXBuildFile; fileRef = 1B27EAA41DC0BCF300E9CA23 /* OGTapAndStopMovementControlComponent.m */; };
		1B27EAA81DC0CEA200E9CA23 /* OGMapMenuScene.sks in Resources */ = {isa = PBXBuildFile; fileRef = 1B27EAA71DC0CEA200E9CA23 /* OGMapMenuScene.sks */; };
		1B27EAAB1DC0D0A900E9CA23 /* OGMapMenuScene.m in Sources */ = {isa = PBXBuildFile; fileRef = 1B27EAAA1DC0D0A900E9CA23 /* OGMapMenuScene.m */; };
		1B27EAB11DC0E2DE00E9CA23 /* OGLevelState.m in Sources */ = {isa = PBXBuildFile; fileRef = 1B27EAB01DC0E2DE00E9CA23 /* OGLevelState.m */; };
		1B27EAB71DC0F6C100E9CA23 /* OGBeforeStartLevelState.m in Sources */ = {isa = PBXBuildFile; fileRef = 1B27EAB61DC0F6C100E9CA23 /* OGBeforeStartLevelState.m */; };
		1B27EABA1DC0F6D100E9CA23 /* OGGameLevelState.m in Sources */ = {isa = PBXBuildFile; fileRef = 1B27EAB91DC0F6D100E9CA23 /* OGGameLevelState.m */; };
		1B27EABD1DC0F6DE00E9CA23 /* OGPauseLevelState.m in Sources */ = {isa = PBXBuildFile; fileRef = 1B27EABC1DC0F6DE00E9CA23 /* OGPauseLevelState.m */; };
		1B27EAC01DC0F6F000E9CA23 /* OGCompleteLevelState.m in Sources */ = {isa = PBXBuildFile; fileRef = 1B27EABF1DC0F6F000E9CA23 /* OGCompleteLevelState.m */; };
		1B27EAC31DC0F6FD00E9CA23 /* OGDeathLevelState.m in Sources */ = {isa = PBXBuildFile; fileRef = 1B27EAC21DC0F6FD00E9CA23 /* OGDeathLevelState.m */; };
		1B36E4C81DC618100080D80B /* OGPauseScreen.sks in Resources */ = {isa = PBXBuildFile; fileRef = 1B36E4C71DC618100080D80B /* OGPauseScreen.sks */; };
		1B36E4D01DC633300080D80B /* OGAnimationState.m in Sources */ = {isa = PBXBuildFile; fileRef = 1B36E4CF1DC633300080D80B /* OGAnimationState.m */; };
		1B36E4D41DC639AB0080D80B /* OGAnimationComponent.m in Sources */ = {isa = PBXBuildFile; fileRef = 1B36E4D31DC639AB0080D80B /* OGAnimationComponent.m */; };
		1B36E4D71DC6630C0080D80B /* OGZPositionEnum.m in Sources */ = {isa = PBXBuildFile; fileRef = 1B36E4D61DC6630C0080D80B /* OGZPositionEnum.m */; };
		2154A6061DBE5CAE00E414F3 /* OGStoryScene.m in Sources */ = {isa = PBXBuildFile; fileRef = 2154A6051DBE5CAE00E414F3 /* OGStoryScene.m */; };
		215C4BDA1DC0ED06000DF29F /* OGInitialLevel.m in Sources */ = {isa = PBXBuildFile; fileRef = 215C4BD91DC0ED06000DF29F /* OGInitialLevel.m */; };
		215C4BDC1DC0ED1B000DF29F /* OGInitialLevel.sks in Resources */ = {isa = PBXBuildFile; fileRef = 215C4BDB1DC0ED1B000DF29F /* OGInitialLevel.sks */; };
		215C4BE01DC25D3F000DF29F /* OGShopMenuScene.m in Sources */ = {isa = PBXBuildFile; fileRef = 215C4BDF1DC25D3F000DF29F /* OGShopMenuScene.m */; };
		215C4BE21DC25D53000DF29F /* OGShopMenuScene.sks in Resources */ = {isa = PBXBuildFile; fileRef = 215C4BE11DC25D53000DF29F /* OGShopMenuScene.sks */; };
		215C4BE61DC269AC000DF29F /* OGSettingsMenuScene.m in Sources */ = {isa = PBXBuildFile; fileRef = 215C4BE51DC269AC000DF29F /* OGSettingsMenuScene.m */; };
		215C4BE81DC269D6000DF29F /* OGSettingsMenuScene.sks in Resources */ = {isa = PBXBuildFile; fileRef = 215C4BE71DC269D6000DF29F /* OGSettingsMenuScene.sks */; };
		21DD19731DBE1C0E0048658A /* OGChapter1.sks in Resources */ = {isa = PBXBuildFile; fileRef = 21DD19721DBE1C0E0048658A /* OGChapter1.sks */; };
		EA00D19B1DBA142100B6AC1B /* OGShootingComponent.m in Sources */ = {isa = PBXBuildFile; fileRef = EA00D19A1DBA142100B6AC1B /* OGShootingComponent.m */; };
		EA0D272E1DB149DA00CEFB8A /* LevelsMap.plist in Resources */ = {isa = PBXBuildFile; fileRef = EA0D272D1DB149DA00CEFB8A /* LevelsMap.plist */; };
		EA2389C11DBA63C600E5B01F /* OGHealthComponent.m in Sources */ = {isa = PBXBuildFile; fileRef = EA2389C01DBA63C600E5B01F /* OGHealthComponent.m */; };
		EA3CE3241DBA8E680087842D /* OGMessageComponent.m in Sources */ = {isa = PBXBuildFile; fileRef = EA3CE3231DBA8E680087842D /* OGMessageComponent.m */; };
		EA49823A1DCF70EB00DCFE00 /* OGTouchControlInputNode.m in Sources */ = {isa = PBXBuildFile; fileRef = EA9EAAD81DCCC06800E36855 /* OGTouchControlInputNode.m */; };
		EA49823D1DCF77BB00DCFE00 /* OGThumbStickNode.m in Sources */ = {isa = PBXBuildFile; fileRef = EA49823C1DCF77BB00DCFE00 /* OGThumbStickNode.m */; };
		EA4982411DCF980A00DCFE00 /* OGPhysicsComponent.m in Sources */ = {isa = PBXBuildFile; fileRef = EA4982401DCF980A00DCFE00 /* OGPhysicsComponent.m */; };
		EA4982471DCFB44E00DCFE00 /* OGEnemyEntity.m in Sources */ = {isa = PBXBuildFile; fileRef = EA4982461DCFB44E00DCFE00 /* OGEnemyEntity.m */; };
		EA49824A1DD0F14B00DCFE00 /* OGEnemyEntityConfiguration.m in Sources */ = {isa = PBXBuildFile; fileRef = EA4982491DD0F14B00DCFE00 /* OGEnemyEntityConfiguration.m */; };
		EA49824F1DD0F2ED00DCFE00 /* Level1.plist in Resources */ = {isa = PBXBuildFile; fileRef = EA49824E1DD0F2ED00DCFE00 /* Level1.plist */; };
		EA4982521DD0F48400DCFE00 /* OGGameSceneConfiguration.m in Sources */ = {isa = PBXBuildFile; fileRef = EA4982511DD0F48400DCFE00 /* OGGameSceneConfiguration.m */; };
		EA4982561DD101ED00DCFE00 /* OGEnemyConfiguration.m in Sources */ = {isa = PBXBuildFile; fileRef = EA4982551DD101ED00DCFE00 /* OGEnemyConfiguration.m */; };
		EA49827D1DD229E900DCFE00 /* OGCameraController.m in Sources */ = {isa = PBXBuildFile; fileRef = EA49827C1DD229E900DCFE00 /* OGCameraController.m */; };
		EA5870F51DC0D26000FCF126 /* OGGameScene.m in Sources */ = {isa = PBXBuildFile; fileRef = EA5870F41DC0D26000FCF126 /* OGGameScene.m */; };
		EA5870F81DC0D8D400FCF126 /* OGLevelController.m in Sources */ = {isa = PBXBuildFile; fileRef = EA5870F71DC0D8D400FCF126 /* OGLevelController.m */; };
		EA5870FB1DC0EC8F00FCF126 /* OGInventoryComponent.m in Sources */ = {isa = PBXBuildFile; fileRef = EA5870FA1DC0EC8F00FCF126 /* OGInventoryComponent.m */; };
		EA5F11FD1DD4AFD2006D4129 /* OGColliderType.m in Sources */ = {isa = PBXBuildFile; fileRef = EA5F11FC1DD4AFD1006D4129 /* OGColliderType.m */; };
		EA67C48B1DC0FE7C00EC4297 /* OGStatusBar.m in Sources */ = {isa = PBXBuildFile; fileRef = EA67C48A1DC0FE7C00EC4297 /* OGStatusBar.m */; };
		EA70E5281DB3F4620034116D /* OGMovementComponent.m in Sources */ = {isa = PBXBuildFile; fileRef = EA70E5211DB3F4620034116D /* OGMovementComponent.m */; };
		EA976C811D9AAEE2003B77FC /* main.m in Sources */ = {isa = PBXBuildFile; fileRef = EA976C801D9AAEE2003B77FC /* main.m */; };
		EA976C841D9AAEE2003B77FC /* OGAppDelegate.m in Sources */ = {isa = PBXBuildFile; fileRef = EA976C831D9AAEE2003B77FC /* OGAppDelegate.m */; };
		EA976C8C1D9AAEE2003B77FC /* OGGameViewController.m in Sources */ = {isa = PBXBuildFile; fileRef = EA976C8B1D9AAEE2003B77FC /* OGGameViewController.m */; };
		EA976C911D9AAEE2003B77FC /* Assets.xcassets in Resources */ = {isa = PBXBuildFile; fileRef = EA976C901D9AAEE2003B77FC /* Assets.xcassets */; };
		EA976CCF1D9C253B003B77FC /* LaunchScreen.storyboard in Resources */ = {isa = PBXBuildFile; fileRef = EA976CCB1D9C253B003B77FC /* LaunchScreen.storyboard */; };
		EA976CD01D9C253B003B77FC /* Main.storyboard in Resources */ = {isa = PBXBuildFile; fileRef = EA976CCD1D9C253B003B77FC /* Main.storyboard */; };
		EA976D011D9ED6BF003B77FC /* SKColor+OGConstantColors.m in Sources */ = {isa = PBXBuildFile; fileRef = EA976D001D9ED6BF003B77FC /* SKColor+OGConstantColors.m */; };
		EA976D0C1D9FDF76003B77FC /* OGTimer.m in Sources */ = {isa = PBXBuildFile; fileRef = EA976D0B1D9FDF76003B77FC /* OGTimer.m */; };
		EA9EAAC71DCC9CFE00E36855 /* OGPlayerEntity.m in Sources */ = {isa = PBXBuildFile; fileRef = EA9EAAC61DCC9CFE00E36855 /* OGPlayerEntity.m */; };
		EA9EAACA1DCC9D1400E36855 /* OGRenderComponent.m in Sources */ = {isa = PBXBuildFile; fileRef = EA9EAAC91DCC9D1400E36855 /* OGRenderComponent.m */; };
		EA9EAACD1DCC9E3100E36855 /* OGInputComponent.m in Sources */ = {isa = PBXBuildFile; fileRef = EA9EAACC1DCC9E3100E36855 /* OGInputComponent.m */; };
		EA9EAAD01DCC9E3E00E36855 /* OGIntelligenceComponent.m in Sources */ = {isa = PBXBuildFile; fileRef = EA9EAACF1DCC9E3E00E36855 /* OGIntelligenceComponent.m */; };
		EA9EAAD41DCCA76600E36855 /* OGPlayerEntityConfiguration.m in Sources */ = {isa = PBXBuildFile; fileRef = EA9EAAD31DCCA76600E36855 /* OGPlayerEntityConfiguration.m */; };
		EAA490C71DA7BE64007734F0 /* OGConstants.m in Sources */ = {isa = PBXBuildFile; fileRef = EAA490C61DA7BE64007734F0 /* OGConstants.m */; };
		EAAA9D011DC634060086E15B /* OGGameOverScreen.sks in Resources */ = {isa = PBXBuildFile; fileRef = EAAA9D001DC634060086E15B /* OGGameOverScreen.sks */; };
		EAE9E6821DC3778A00B65DFB /* OGStoryConclusionLevelState.m in Sources */ = {isa = PBXBuildFile; fileRef = 1B27EAB31DC0F6B400E9CA23 /* OGStoryConclusionLevelState.m */; };
/* End PBXBuildFile section */

/* Begin PBXFileReference section */
		1B2388D91DB4BDD000A9092B /* OGDragMovementControlComponent.h */ = {isa = PBXFileReference; fileEncoding = 4; lastKnownFileType = sourcecode.c.h; path = OGDragMovementControlComponent.h; sourceTree = "<group>"; };
		1B2388DA1DB4BDD000A9092B /* OGDragMovementControlComponent.m */ = {isa = PBXFileReference; fileEncoding = 4; lastKnownFileType = sourcecode.c.objc; path = OGDragMovementControlComponent.m; sourceTree = "<group>"; };
		1B2388DD1DB4C4A000A9092B /* OGMovementControlComponent.h */ = {isa = PBXFileReference; fileEncoding = 4; lastKnownFileType = sourcecode.c.h; path = OGMovementControlComponent.h; sourceTree = "<group>"; };
		1B2388DE1DB4C4A000A9092B /* OGMovementControlComponent.m */ = {isa = PBXFileReference; fileEncoding = 4; lastKnownFileType = sourcecode.c.objc; path = OGMovementControlComponent.m; sourceTree = "<group>"; };
		1B2388E01DB4C97700A9092B /* OGTapMovementControlComponent.h */ = {isa = PBXFileReference; fileEncoding = 4; lastKnownFileType = sourcecode.c.h; path = OGTapMovementControlComponent.h; sourceTree = "<group>"; };
		1B2388E11DB4C97700A9092B /* OGTapMovementControlComponent.m */ = {isa = PBXFileReference; fileEncoding = 4; lastKnownFileType = sourcecode.c.objc; path = OGTapMovementControlComponent.m; sourceTree = "<group>"; };
		1B27EA9B1DC090BE00E9CA23 /* OGMainMenuScene.sks */ = {isa = PBXFileReference; lastKnownFileType = file.sks; path = OGMainMenuScene.sks; sourceTree = "<group>"; };
		1B27EA9D1DC092DA00E9CA23 /* OGButtonNode.h */ = {isa = PBXFileReference; fileEncoding = 4; lastKnownFileType = sourcecode.c.h; path = OGButtonNode.h; sourceTree = "<group>"; };
		1B27EA9E1DC092DA00E9CA23 /* OGButtonNode.m */ = {isa = PBXFileReference; fileEncoding = 4; lastKnownFileType = sourcecode.c.objc; path = OGButtonNode.m; sourceTree = "<group>"; };
		1B27EAA01DC0934300E9CA23 /* OGMainMenuScene.h */ = {isa = PBXFileReference; fileEncoding = 4; lastKnownFileType = sourcecode.c.h; path = OGMainMenuScene.h; sourceTree = "<group>"; };
		1B27EAA11DC0934300E9CA23 /* OGMainMenuScene.m */ = {isa = PBXFileReference; fileEncoding = 4; lastKnownFileType = sourcecode.c.objc; path = OGMainMenuScene.m; sourceTree = "<group>"; };
		1B27EAA31DC0BCF300E9CA23 /* OGTapAndStopMovementControlComponent.h */ = {isa = PBXFileReference; fileEncoding = 4; lastKnownFileType = sourcecode.c.h; path = OGTapAndStopMovementControlComponent.h; sourceTree = "<group>"; };
		1B27EAA41DC0BCF300E9CA23 /* OGTapAndStopMovementControlComponent.m */ = {isa = PBXFileReference; fileEncoding = 4; lastKnownFileType = sourcecode.c.objc; path = OGTapAndStopMovementControlComponent.m; sourceTree = "<group>"; };
		1B27EAA71DC0CEA200E9CA23 /* OGMapMenuScene.sks */ = {isa = PBXFileReference; lastKnownFileType = file.sks; path = OGMapMenuScene.sks; sourceTree = "<group>"; };
		1B27EAA91DC0D0A900E9CA23 /* OGMapMenuScene.h */ = {isa = PBXFileReference; fileEncoding = 4; lastKnownFileType = sourcecode.c.h; path = OGMapMenuScene.h; sourceTree = "<group>"; };
		1B27EAAA1DC0D0A900E9CA23 /* OGMapMenuScene.m */ = {isa = PBXFileReference; fileEncoding = 4; lastKnownFileType = sourcecode.c.objc; path = OGMapMenuScene.m; sourceTree = "<group>"; };
		1B27EAAF1DC0E2DE00E9CA23 /* OGLevelState.h */ = {isa = PBXFileReference; fileEncoding = 4; lastKnownFileType = sourcecode.c.h; path = OGLevelState.h; sourceTree = "<group>"; };
		1B27EAB01DC0E2DE00E9CA23 /* OGLevelState.m */ = {isa = PBXFileReference; fileEncoding = 4; lastKnownFileType = sourcecode.c.objc; path = OGLevelState.m; sourceTree = "<group>"; };
		1B27EAB21DC0F6B400E9CA23 /* OGStoryConclusionLevelState.h */ = {isa = PBXFileReference; fileEncoding = 4; lastKnownFileType = sourcecode.c.h; path = OGStoryConclusionLevelState.h; sourceTree = "<group>"; };
		1B27EAB31DC0F6B400E9CA23 /* OGStoryConclusionLevelState.m */ = {isa = PBXFileReference; fileEncoding = 4; lastKnownFileType = sourcecode.c.objc; path = OGStoryConclusionLevelState.m; sourceTree = "<group>"; };
		1B27EAB51DC0F6C100E9CA23 /* OGBeforeStartLevelState.h */ = {isa = PBXFileReference; fileEncoding = 4; lastKnownFileType = sourcecode.c.h; path = OGBeforeStartLevelState.h; sourceTree = "<group>"; };
		1B27EAB61DC0F6C100E9CA23 /* OGBeforeStartLevelState.m */ = {isa = PBXFileReference; fileEncoding = 4; lastKnownFileType = sourcecode.c.objc; path = OGBeforeStartLevelState.m; sourceTree = "<group>"; };
		1B27EAB81DC0F6D100E9CA23 /* OGGameLevelState.h */ = {isa = PBXFileReference; fileEncoding = 4; lastKnownFileType = sourcecode.c.h; path = OGGameLevelState.h; sourceTree = "<group>"; };
		1B27EAB91DC0F6D100E9CA23 /* OGGameLevelState.m */ = {isa = PBXFileReference; fileEncoding = 4; lastKnownFileType = sourcecode.c.objc; path = OGGameLevelState.m; sourceTree = "<group>"; };
		1B27EABB1DC0F6DE00E9CA23 /* OGPauseLevelState.h */ = {isa = PBXFileReference; fileEncoding = 4; lastKnownFileType = sourcecode.c.h; path = OGPauseLevelState.h; sourceTree = "<group>"; };
		1B27EABC1DC0F6DE00E9CA23 /* OGPauseLevelState.m */ = {isa = PBXFileReference; fileEncoding = 4; lastKnownFileType = sourcecode.c.objc; path = OGPauseLevelState.m; sourceTree = "<group>"; };
		1B27EABE1DC0F6F000E9CA23 /* OGCompleteLevelState.h */ = {isa = PBXFileReference; fileEncoding = 4; lastKnownFileType = sourcecode.c.h; path = OGCompleteLevelState.h; sourceTree = "<group>"; };
		1B27EABF1DC0F6F000E9CA23 /* OGCompleteLevelState.m */ = {isa = PBXFileReference; fileEncoding = 4; lastKnownFileType = sourcecode.c.objc; path = OGCompleteLevelState.m; sourceTree = "<group>"; };
		1B27EAC11DC0F6FD00E9CA23 /* OGDeathLevelState.h */ = {isa = PBXFileReference; fileEncoding = 4; lastKnownFileType = sourcecode.c.h; path = OGDeathLevelState.h; sourceTree = "<group>"; };
		1B27EAC21DC0F6FD00E9CA23 /* OGDeathLevelState.m */ = {isa = PBXFileReference; fileEncoding = 4; lastKnownFileType = sourcecode.c.objc; path = OGDeathLevelState.m; sourceTree = "<group>"; };
		1B36E4C71DC618100080D80B /* OGPauseScreen.sks */ = {isa = PBXFileReference; lastKnownFileType = file.sks; path = OGPauseScreen.sks; sourceTree = "<group>"; };
		1B36E4CE1DC633300080D80B /* OGAnimationState.h */ = {isa = PBXFileReference; fileEncoding = 4; lastKnownFileType = sourcecode.c.h; path = OGAnimationState.h; sourceTree = "<group>"; };
		1B36E4CF1DC633300080D80B /* OGAnimationState.m */ = {isa = PBXFileReference; fileEncoding = 4; lastKnownFileType = sourcecode.c.objc; path = OGAnimationState.m; sourceTree = "<group>"; };
		1B36E4D21DC639AB0080D80B /* OGAnimationComponent.h */ = {isa = PBXFileReference; fileEncoding = 4; lastKnownFileType = sourcecode.c.h; path = OGAnimationComponent.h; sourceTree = "<group>"; };
		1B36E4D31DC639AB0080D80B /* OGAnimationComponent.m */ = {isa = PBXFileReference; fileEncoding = 4; lastKnownFileType = sourcecode.c.objc; path = OGAnimationComponent.m; sourceTree = "<group>"; };
		1B36E4D61DC6630C0080D80B /* OGZPositionEnum.m */ = {isa = PBXFileReference; fileEncoding = 4; lastKnownFileType = sourcecode.c.objc; path = OGZPositionEnum.m; sourceTree = "<group>"; };
		2154A6031DBE562E00E414F3 /* OGGameSceneStoryDelegate.h */ = {isa = PBXFileReference; lastKnownFileType = sourcecode.c.h; path = OGGameSceneStoryDelegate.h; sourceTree = "<group>"; };
		2154A6041DBE5CAE00E414F3 /* OGStoryScene.h */ = {isa = PBXFileReference; fileEncoding = 4; lastKnownFileType = sourcecode.c.h; path = OGStoryScene.h; sourceTree = "<group>"; };
		2154A6051DBE5CAE00E414F3 /* OGStoryScene.m */ = {isa = PBXFileReference; fileEncoding = 4; lastKnownFileType = sourcecode.c.objc; path = OGStoryScene.m; sourceTree = "<group>"; };
		215C4BD81DC0ED06000DF29F /* OGInitialLevel.h */ = {isa = PBXFileReference; fileEncoding = 4; lastKnownFileType = sourcecode.c.h; path = OGInitialLevel.h; sourceTree = "<group>"; };
		215C4BD91DC0ED06000DF29F /* OGInitialLevel.m */ = {isa = PBXFileReference; fileEncoding = 4; lastKnownFileType = sourcecode.c.objc; path = OGInitialLevel.m; sourceTree = "<group>"; };
		215C4BDB1DC0ED1B000DF29F /* OGInitialLevel.sks */ = {isa = PBXFileReference; lastKnownFileType = file.sks; path = OGInitialLevel.sks; sourceTree = "<group>"; };
		215C4BDE1DC25D3F000DF29F /* OGShopMenuScene.h */ = {isa = PBXFileReference; fileEncoding = 4; lastKnownFileType = sourcecode.c.h; path = OGShopMenuScene.h; sourceTree = "<group>"; };
		215C4BDF1DC25D3F000DF29F /* OGShopMenuScene.m */ = {isa = PBXFileReference; fileEncoding = 4; lastKnownFileType = sourcecode.c.objc; path = OGShopMenuScene.m; sourceTree = "<group>"; };
		215C4BE11DC25D53000DF29F /* OGShopMenuScene.sks */ = {isa = PBXFileReference; lastKnownFileType = file.sks; path = OGShopMenuScene.sks; sourceTree = "<group>"; };
		215C4BE41DC269AC000DF29F /* OGSettingsMenuScene.h */ = {isa = PBXFileReference; fileEncoding = 4; lastKnownFileType = sourcecode.c.h; path = OGSettingsMenuScene.h; sourceTree = "<group>"; };
		215C4BE51DC269AC000DF29F /* OGSettingsMenuScene.m */ = {isa = PBXFileReference; fileEncoding = 4; lastKnownFileType = sourcecode.c.objc; path = OGSettingsMenuScene.m; sourceTree = "<group>"; };
		215C4BE71DC269D6000DF29F /* OGSettingsMenuScene.sks */ = {isa = PBXFileReference; lastKnownFileType = file.sks; path = OGSettingsMenuScene.sks; sourceTree = "<group>"; };
		21DD19721DBE1C0E0048658A /* OGChapter1.sks */ = {isa = PBXFileReference; lastKnownFileType = file.sks; path = OGChapter1.sks; sourceTree = "<group>"; };
		EA00D1991DBA142100B6AC1B /* OGShootingComponent.h */ = {isa = PBXFileReference; fileEncoding = 4; lastKnownFileType = sourcecode.c.h; path = OGShootingComponent.h; sourceTree = "<group>"; };
		EA00D19A1DBA142100B6AC1B /* OGShootingComponent.m */ = {isa = PBXFileReference; fileEncoding = 4; lastKnownFileType = sourcecode.c.objc; path = OGShootingComponent.m; sourceTree = "<group>"; };
		EA0D272C1DB147C100CEFB8A /* OGGameSceneDelegate.h */ = {isa = PBXFileReference; lastKnownFileType = sourcecode.c.h; path = OGGameSceneDelegate.h; sourceTree = "<group>"; };
		EA0D272D1DB149DA00CEFB8A /* LevelsMap.plist */ = {isa = PBXFileReference; fileEncoding = 4; lastKnownFileType = text.plist.xml; path = LevelsMap.plist; sourceTree = "<group>"; };
		EA2389BF1DBA63C600E5B01F /* OGHealthComponent.h */ = {isa = PBXFileReference; fileEncoding = 4; lastKnownFileType = sourcecode.c.h; path = OGHealthComponent.h; sourceTree = "<group>"; };
		EA2389C01DBA63C600E5B01F /* OGHealthComponent.m */ = {isa = PBXFileReference; fileEncoding = 4; lastKnownFileType = sourcecode.c.objc; path = OGHealthComponent.m; sourceTree = "<group>"; };
		EA3CE3221DBA8E680087842D /* OGMessageComponent.h */ = {isa = PBXFileReference; fileEncoding = 4; lastKnownFileType = sourcecode.c.h; path = OGMessageComponent.h; sourceTree = "<group>"; };
		EA3CE3231DBA8E680087842D /* OGMessageComponent.m */ = {isa = PBXFileReference; fileEncoding = 4; lastKnownFileType = sourcecode.c.objc; path = OGMessageComponent.m; sourceTree = "<group>"; };
		EA49823B1DCF77BB00DCFE00 /* OGThumbStickNode.h */ = {isa = PBXFileReference; fileEncoding = 4; lastKnownFileType = sourcecode.c.h; path = OGThumbStickNode.h; sourceTree = "<group>"; };
		EA49823C1DCF77BB00DCFE00 /* OGThumbStickNode.m */ = {isa = PBXFileReference; fileEncoding = 4; lastKnownFileType = sourcecode.c.objc; path = OGThumbStickNode.m; sourceTree = "<group>"; };
		EA49823E1DCF787E00DCFE00 /* OGThumbStickNodeDelegate.h */ = {isa = PBXFileReference; lastKnownFileType = sourcecode.c.h; path = OGThumbStickNodeDelegate.h; sourceTree = "<group>"; };
		EA49823F1DCF980A00DCFE00 /* OGPhysicsComponent.h */ = {isa = PBXFileReference; fileEncoding = 4; lastKnownFileType = sourcecode.c.h; path = OGPhysicsComponent.h; sourceTree = "<group>"; };
		EA4982401DCF980A00DCFE00 /* OGPhysicsComponent.m */ = {isa = PBXFileReference; fileEncoding = 4; lastKnownFileType = sourcecode.c.objc; path = OGPhysicsComponent.m; sourceTree = "<group>"; };
		EA4982421DCF98D600DCFE00 /* OGColliderType.h */ = {isa = PBXFileReference; lastKnownFileType = sourcecode.c.h; path = OGColliderType.h; sourceTree = "<group>"; };
		EA4982451DCFB44E00DCFE00 /* OGEnemyEntity.h */ = {isa = PBXFileReference; fileEncoding = 4; lastKnownFileType = sourcecode.c.h; path = OGEnemyEntity.h; sourceTree = "<group>"; };
		EA4982461DCFB44E00DCFE00 /* OGEnemyEntity.m */ = {isa = PBXFileReference; fileEncoding = 4; lastKnownFileType = sourcecode.c.objc; path = OGEnemyEntity.m; sourceTree = "<group>"; };
		EA4982481DD0F14B00DCFE00 /* OGEnemyEntityConfiguration.h */ = {isa = PBXFileReference; fileEncoding = 4; lastKnownFileType = sourcecode.c.h; path = OGEnemyEntityConfiguration.h; sourceTree = "<group>"; };
		EA4982491DD0F14B00DCFE00 /* OGEnemyEntityConfiguration.m */ = {isa = PBXFileReference; fileEncoding = 4; lastKnownFileType = sourcecode.c.objc; path = OGEnemyEntityConfiguration.m; sourceTree = "<group>"; };
		EA49824E1DD0F2ED00DCFE00 /* Level1.plist */ = {isa = PBXFileReference; fileEncoding = 4; lastKnownFileType = text.plist.xml; path = Level1.plist; sourceTree = "<group>"; };
		EA4982501DD0F48400DCFE00 /* OGGameSceneConfiguration.h */ = {isa = PBXFileReference; fileEncoding = 4; lastKnownFileType = sourcecode.c.h; path = OGGameSceneConfiguration.h; sourceTree = "<group>"; };
		EA4982511DD0F48400DCFE00 /* OGGameSceneConfiguration.m */ = {isa = PBXFileReference; fileEncoding = 4; lastKnownFileType = sourcecode.c.objc; path = OGGameSceneConfiguration.m; sourceTree = "<group>"; };
		EA4982541DD101ED00DCFE00 /* OGEnemyConfiguration.h */ = {isa = PBXFileReference; fileEncoding = 4; lastKnownFileType = sourcecode.c.h; path = OGEnemyConfiguration.h; sourceTree = "<group>"; };
		EA4982551DD101ED00DCFE00 /* OGEnemyConfiguration.m */ = {isa = PBXFileReference; fileEncoding = 4; lastKnownFileType = sourcecode.c.objc; path = OGEnemyConfiguration.m; sourceTree = "<group>"; };
		EA49827B1DD229E900DCFE00 /* OGCameraController.h */ = {isa = PBXFileReference; fileEncoding = 4; lastKnownFileType = sourcecode.c.h; path = OGCameraController.h; sourceTree = "<group>"; };
		EA49827C1DD229E900DCFE00 /* OGCameraController.m */ = {isa = PBXFileReference; fileEncoding = 4; lastKnownFileType = sourcecode.c.objc; path = OGCameraController.m; sourceTree = "<group>"; };
		EA5870F31DC0D26000FCF126 /* OGGameScene.h */ = {isa = PBXFileReference; fileEncoding = 4; lastKnownFileType = sourcecode.c.h; path = OGGameScene.h; sourceTree = "<group>"; };
		EA5870F41DC0D26000FCF126 /* OGGameScene.m */ = {isa = PBXFileReference; fileEncoding = 4; lastKnownFileType = sourcecode.c.objc; path = OGGameScene.m; sourceTree = "<group>"; };
		EA5870F61DC0D8D400FCF126 /* OGLevelController.h */ = {isa = PBXFileReference; fileEncoding = 4; lastKnownFileType = sourcecode.c.h; path = OGLevelController.h; sourceTree = "<group>"; };
		EA5870F71DC0D8D400FCF126 /* OGLevelController.m */ = {isa = PBXFileReference; fileEncoding = 4; lastKnownFileType = sourcecode.c.objc; path = OGLevelController.m; sourceTree = "<group>"; };
		EA5870F91DC0EC8F00FCF126 /* OGInventoryComponent.h */ = {isa = PBXFileReference; fileEncoding = 4; lastKnownFileType = sourcecode.c.h; path = OGInventoryComponent.h; sourceTree = "<group>"; };
		EA5870FA1DC0EC8F00FCF126 /* OGInventoryComponent.m */ = {isa = PBXFileReference; fileEncoding = 4; lastKnownFileType = sourcecode.c.objc; path = OGInventoryComponent.m; sourceTree = "<group>"; };
		EA5F11FC1DD4AFD1006D4129 /* OGColliderType.m */ = {isa = PBXFileReference; fileEncoding = 4; lastKnownFileType = sourcecode.c.objc; path = OGColliderType.m; sourceTree = "<group>"; };
		EA5F11FE1DD4D47D006D4129 /* OGContactNotifiableType.h */ = {isa = PBXFileReference; lastKnownFileType = sourcecode.c.h; path = OGContactNotifiableType.h; sourceTree = "<group>"; };
		EA67C4891DC0FE7C00EC4297 /* OGStatusBar.h */ = {isa = PBXFileReference; fileEncoding = 4; lastKnownFileType = sourcecode.c.h; path = OGStatusBar.h; sourceTree = "<group>"; };
		EA67C48A1DC0FE7C00EC4297 /* OGStatusBar.m */ = {isa = PBXFileReference; fileEncoding = 4; lastKnownFileType = sourcecode.c.objc; path = OGStatusBar.m; sourceTree = "<group>"; };
		EA70E5201DB3F4620034116D /* OGMovementComponent.h */ = {isa = PBXFileReference; fileEncoding = 4; lastKnownFileType = sourcecode.c.h; path = OGMovementComponent.h; sourceTree = "<group>"; };
		EA70E5211DB3F4620034116D /* OGMovementComponent.m */ = {isa = PBXFileReference; fileEncoding = 4; lastKnownFileType = sourcecode.c.objc; path = OGMovementComponent.m; sourceTree = "<group>"; };
		EA976C7C1D9AAEE2003B77FC /* Olvido.app */ = {isa = PBXFileReference; explicitFileType = wrapper.application; includeInIndex = 0; path = Olvido.app; sourceTree = BUILT_PRODUCTS_DIR; };
		EA976C801D9AAEE2003B77FC /* main.m */ = {isa = PBXFileReference; lastKnownFileType = sourcecode.c.objc; path = main.m; sourceTree = "<group>"; };
		EA976C821D9AAEE2003B77FC /* OGAppDelegate.h */ = {isa = PBXFileReference; lastKnownFileType = sourcecode.c.h; path = OGAppDelegate.h; sourceTree = "<group>"; };
		EA976C831D9AAEE2003B77FC /* OGAppDelegate.m */ = {isa = PBXFileReference; lastKnownFileType = sourcecode.c.objc; path = OGAppDelegate.m; sourceTree = "<group>"; };
		EA976C8A1D9AAEE2003B77FC /* OGGameViewController.h */ = {isa = PBXFileReference; lastKnownFileType = sourcecode.c.h; path = OGGameViewController.h; sourceTree = "<group>"; };
		EA976C8B1D9AAEE2003B77FC /* OGGameViewController.m */ = {isa = PBXFileReference; lastKnownFileType = sourcecode.c.objc; path = OGGameViewController.m; sourceTree = "<group>"; };
		EA976C901D9AAEE2003B77FC /* Assets.xcassets */ = {isa = PBXFileReference; lastKnownFileType = folder.assetcatalog; path = Assets.xcassets; sourceTree = "<group>"; };
		EA976C951D9AAEE3003B77FC /* Info.plist */ = {isa = PBXFileReference; lastKnownFileType = text.plist.xml; path = Info.plist; sourceTree = "<group>"; };
		EA976CCC1D9C253B003B77FC /* Base */ = {isa = PBXFileReference; lastKnownFileType = file.storyboard; name = Base; path = Base.lproj/LaunchScreen.storyboard; sourceTree = "<group>"; };
		EA976CCE1D9C253B003B77FC /* Base */ = {isa = PBXFileReference; lastKnownFileType = file.storyboard; name = Base; path = Base.lproj/Main.storyboard; sourceTree = "<group>"; };
		EA976CFF1D9ED6BF003B77FC /* SKColor+OGConstantColors.h */ = {isa = PBXFileReference; fileEncoding = 4; lastKnownFileType = sourcecode.c.h; path = "SKColor+OGConstantColors.h"; sourceTree = "<group>"; };
		EA976D001D9ED6BF003B77FC /* SKColor+OGConstantColors.m */ = {isa = PBXFileReference; fileEncoding = 4; lastKnownFileType = sourcecode.c.objc; path = "SKColor+OGConstantColors.m"; sourceTree = "<group>"; };
		EA976D0A1D9FDF76003B77FC /* OGTimer.h */ = {isa = PBXFileReference; fileEncoding = 4; lastKnownFileType = sourcecode.c.h; path = OGTimer.h; sourceTree = "<group>"; };
		EA976D0B1D9FDF76003B77FC /* OGTimer.m */ = {isa = PBXFileReference; fileEncoding = 4; lastKnownFileType = sourcecode.c.objc; path = OGTimer.m; sourceTree = "<group>"; };
		EA9EAAC51DCC9CFE00E36855 /* OGPlayerEntity.h */ = {isa = PBXFileReference; fileEncoding = 4; lastKnownFileType = sourcecode.c.h; path = OGPlayerEntity.h; sourceTree = "<group>"; };
		EA9EAAC61DCC9CFE00E36855 /* OGPlayerEntity.m */ = {isa = PBXFileReference; fileEncoding = 4; lastKnownFileType = sourcecode.c.objc; path = OGPlayerEntity.m; sourceTree = "<group>"; };
		EA9EAAC81DCC9D1400E36855 /* OGRenderComponent.h */ = {isa = PBXFileReference; fileEncoding = 4; lastKnownFileType = sourcecode.c.h; path = OGRenderComponent.h; sourceTree = "<group>"; };
		EA9EAAC91DCC9D1400E36855 /* OGRenderComponent.m */ = {isa = PBXFileReference; fileEncoding = 4; lastKnownFileType = sourcecode.c.objc; path = OGRenderComponent.m; sourceTree = "<group>"; };
		EA9EAACB1DCC9E3100E36855 /* OGInputComponent.h */ = {isa = PBXFileReference; fileEncoding = 4; lastKnownFileType = sourcecode.c.h; path = OGInputComponent.h; sourceTree = "<group>"; };
		EA9EAACC1DCC9E3100E36855 /* OGInputComponent.m */ = {isa = PBXFileReference; fileEncoding = 4; lastKnownFileType = sourcecode.c.objc; path = OGInputComponent.m; sourceTree = "<group>"; };
		EA9EAACE1DCC9E3E00E36855 /* OGIntelligenceComponent.h */ = {isa = PBXFileReference; fileEncoding = 4; lastKnownFileType = sourcecode.c.h; path = OGIntelligenceComponent.h; sourceTree = "<group>"; };
		EA9EAACF1DCC9E3E00E36855 /* OGIntelligenceComponent.m */ = {isa = PBXFileReference; fileEncoding = 4; lastKnownFileType = sourcecode.c.objc; path = OGIntelligenceComponent.m; sourceTree = "<group>"; };
		EA9EAAD21DCCA76600E36855 /* OGPlayerEntityConfiguration.h */ = {isa = PBXFileReference; fileEncoding = 4; lastKnownFileType = sourcecode.c.h; path = OGPlayerEntityConfiguration.h; sourceTree = "<group>"; };
		EA9EAAD31DCCA76600E36855 /* OGPlayerEntityConfiguration.m */ = {isa = PBXFileReference; fileEncoding = 4; lastKnownFileType = sourcecode.c.objc; path = OGPlayerEntityConfiguration.m; sourceTree = "<group>"; };
		EA9EAAD61DCCBF8F00E36855 /* OGControlInputSource.h */ = {isa = PBXFileReference; lastKnownFileType = sourcecode.c.h; path = OGControlInputSource.h; sourceTree = "<group>"; };
		EA9EAAD71DCCC06800E36855 /* OGTouchControlInputNode.h */ = {isa = PBXFileReference; fileEncoding = 4; lastKnownFileType = sourcecode.c.h; path = OGTouchControlInputNode.h; sourceTree = "<group>"; };
		EA9EAAD81DCCC06800E36855 /* OGTouchControlInputNode.m */ = {isa = PBXFileReference; fileEncoding = 4; lastKnownFileType = sourcecode.c.objc; path = OGTouchControlInputNode.m; sourceTree = "<group>"; };
		EAA490C41DA7BE0C007734F0 /* OGCollisionBitMask.h */ = {isa = PBXFileReference; lastKnownFileType = sourcecode.c.h; path = OGCollisionBitMask.h; sourceTree = "<group>"; };
		EAA490C51DA7BE52007734F0 /* OGConstants.h */ = {isa = PBXFileReference; lastKnownFileType = sourcecode.c.h; path = OGConstants.h; sourceTree = "<group>"; };
		EAA490C61DA7BE64007734F0 /* OGConstants.m */ = {isa = PBXFileReference; fileEncoding = 4; lastKnownFileType = sourcecode.c.objc; path = OGConstants.m; sourceTree = "<group>"; };
		EAAA9D001DC634060086E15B /* OGGameOverScreen.sks */ = {isa = PBXFileReference; lastKnownFileType = file.sks; path = OGGameOverScreen.sks; sourceTree = "<group>"; };
/* End PBXFileReference section */

/* Begin PBXFrameworksBuildPhase section */
		EA976C791D9AAEE2003B77FC /* Frameworks */ = {
			isa = PBXFrameworksBuildPhase;
			buildActionMask = 2147483647;
			files = (
			);
			runOnlyForDeploymentPostprocessing = 0;
		};
/* End PBXFrameworksBuildPhase section */

/* Begin PBXGroup section */
		1B2388DC1DB4C47D00A9092B /* MovementControlComponents */ = {
			isa = PBXGroup;
			children = (
				1B2388D91DB4BDD000A9092B /* OGDragMovementControlComponent.h */,
				1B2388DA1DB4BDD000A9092B /* OGDragMovementControlComponent.m */,
				1B2388DD1DB4C4A000A9092B /* OGMovementControlComponent.h */,
				1B2388DE1DB4C4A000A9092B /* OGMovementControlComponent.m */,
				1B2388E01DB4C97700A9092B /* OGTapMovementControlComponent.h */,
				1B2388E11DB4C97700A9092B /* OGTapMovementControlComponent.m */,
				1B27EAA31DC0BCF300E9CA23 /* OGTapAndStopMovementControlComponent.h */,
				1B27EAA41DC0BCF300E9CA23 /* OGTapAndStopMovementControlComponent.m */,
			);
			name = MovementControlComponents;
			sourceTree = "<group>";
		};
		1B27EA9A1DC0909F00E9CA23 /* MainMenu */ = {
			isa = PBXGroup;
			children = (
				1B27EAA01DC0934300E9CA23 /* OGMainMenuScene.h */,
				1B27EAA11DC0934300E9CA23 /* OGMainMenuScene.m */,
			);
			name = MainMenu;
			sourceTree = "<group>";
		};
		1B27EAA61DC0CE8F00E9CA23 /* MapMenu */ = {
			isa = PBXGroup;
			children = (
				1B27EAA91DC0D0A900E9CA23 /* OGMapMenuScene.h */,
				1B27EAAA1DC0D0A900E9CA23 /* OGMapMenuScene.m */,
			);
			name = MapMenu;
			sourceTree = "<group>";
		};
		1B27EAAD1DC0E2C000E9CA23 /* StateMachines */ = {
			isa = PBXGroup;
			children = (
				1B27EAAE1DC0E2C900E9CA23 /* LevelStateMachine */,
			);
			name = StateMachines;
			sourceTree = "<group>";
		};
		1B27EAAE1DC0E2C900E9CA23 /* LevelStateMachine */ = {
			isa = PBXGroup;
			children = (
				1B27EAAF1DC0E2DE00E9CA23 /* OGLevelState.h */,
				1B27EAB01DC0E2DE00E9CA23 /* OGLevelState.m */,
				1B27EAB21DC0F6B400E9CA23 /* OGStoryConclusionLevelState.h */,
				1B27EAB31DC0F6B400E9CA23 /* OGStoryConclusionLevelState.m */,
				1B27EAB51DC0F6C100E9CA23 /* OGBeforeStartLevelState.h */,
				1B27EAB61DC0F6C100E9CA23 /* OGBeforeStartLevelState.m */,
				1B27EAB81DC0F6D100E9CA23 /* OGGameLevelState.h */,
				1B27EAB91DC0F6D100E9CA23 /* OGGameLevelState.m */,
				1B27EABB1DC0F6DE00E9CA23 /* OGPauseLevelState.h */,
				1B27EABC1DC0F6DE00E9CA23 /* OGPauseLevelState.m */,
				1B27EABE1DC0F6F000E9CA23 /* OGCompleteLevelState.h */,
				1B27EABF1DC0F6F000E9CA23 /* OGCompleteLevelState.m */,
				1B27EAC11DC0F6FD00E9CA23 /* OGDeathLevelState.h */,
				1B27EAC21DC0F6FD00E9CA23 /* OGDeathLevelState.m */,
			);
			name = LevelStateMachine;
			sourceTree = "<group>";
		};
		1B28BEAA1DC8938100EC0BBD /* Menu */ = {
			isa = PBXGroup;
			children = (
				215C4BE31DC268C2000DF29F /* SettingsMenu */,
				215C4BDD1DC2576E000DF29F /* ShopMenu */,
				1B27EAA61DC0CE8F00E9CA23 /* MapMenu */,
				1B27EA9A1DC0909F00E9CA23 /* MainMenu */,
			);
			name = Menu;
			sourceTree = "<group>";
		};
		1B28BEAB1DC893A000EC0BBD /* Game */ = {
			isa = PBXGroup;
			children = (
				210C996F1DB8E39E00704C62 /* StoryLevelScenes */,
				EA4982531DD101CF00DCFE00 /* Configuration */,
				EA5F11FF1DD4D59F006D4129 /* Camera */,
				215C4BD71DC0EC9B000DF29F /* Level1 - InitialLevel */,
				EA5870F31DC0D26000FCF126 /* OGGameScene.h */,
				EA5870F41DC0D26000FCF126 /* OGGameScene.m */,
			);
			name = Game;
			sourceTree = "<group>";
		};
		1B36E4C91DC624010080D80B /* Screens */ = {
			isa = PBXGroup;
			children = (
				EAAA9D001DC634060086E15B /* OGGameOverScreen.sks */,
				1B36E4C71DC618100080D80B /* OGPauseScreen.sks */,
			);
			name = Screens;
			sourceTree = "<group>";
		};
		1B36E4D11DC639490080D80B /* AnimationComponent */ = {
			isa = PBXGroup;
			children = (
				1B36E4CE1DC633300080D80B /* OGAnimationState.h */,
				1B36E4CF1DC633300080D80B /* OGAnimationState.m */,
				1B36E4D21DC639AB0080D80B /* OGAnimationComponent.h */,
				1B36E4D31DC639AB0080D80B /* OGAnimationComponent.m */,
			);
			name = AnimationComponent;
			sourceTree = "<group>";
		};
		210C996F1DB8E39E00704C62 /* StoryLevelScenes */ = {
			isa = PBXGroup;
			children = (
				2154A6021DBE3FF800E414F3 /* Chapter1 */,
				2154A6041DBE5CAE00E414F3 /* OGStoryScene.h */,
				2154A6051DBE5CAE00E414F3 /* OGStoryScene.m */,
			);
			name = StoryLevelScenes;
			sourceTree = "<group>";
		};
		2154A6021DBE3FF800E414F3 /* Chapter1 */ = {
			isa = PBXGroup;
			children = (
				21DD19721DBE1C0E0048658A /* OGChapter1.sks */,
			);
			name = Chapter1;
			sourceTree = "<group>";
		};
		215C4BD71DC0EC9B000DF29F /* Level1 - InitialLevel */ = {
			isa = PBXGroup;
			children = (
				215C4BD81DC0ED06000DF29F /* OGInitialLevel.h */,
				215C4BD91DC0ED06000DF29F /* OGInitialLevel.m */,
			);
			name = "Level1 - InitialLevel";
			sourceTree = "<group>";
		};
		215C4BDD1DC2576E000DF29F /* ShopMenu */ = {
			isa = PBXGroup;
			children = (
				215C4BDE1DC25D3F000DF29F /* OGShopMenuScene.h */,
				215C4BDF1DC25D3F000DF29F /* OGShopMenuScene.m */,
			);
			name = ShopMenu;
			sourceTree = "<group>";
		};
		215C4BE31DC268C2000DF29F /* SettingsMenu */ = {
			isa = PBXGroup;
			children = (
				215C4BE41DC269AC000DF29F /* OGSettingsMenuScene.h */,
				215C4BE51DC269AC000DF29F /* OGSettingsMenuScene.m */,
			);
			name = SettingsMenu;
			sourceTree = "<group>";
		};
		EA0D27271DB1473A00CEFB8A /* Components */ = {
			isa = PBXGroup;
			children = (
				1B36E4D11DC639490080D80B /* AnimationComponent */,
				1B2388DC1DB4C47D00A9092B /* MovementControlComponents */,
				EA70E5201DB3F4620034116D /* OGMovementComponent.h */,
				EA70E5211DB3F4620034116D /* OGMovementComponent.m */,
				EA2389BF1DBA63C600E5B01F /* OGHealthComponent.h */,
				EA2389C01DBA63C600E5B01F /* OGHealthComponent.m */,
				EA00D1991DBA142100B6AC1B /* OGShootingComponent.h */,
				EA00D19A1DBA142100B6AC1B /* OGShootingComponent.m */,
				EA3CE3221DBA8E680087842D /* OGMessageComponent.h */,
				EA3CE3231DBA8E680087842D /* OGMessageComponent.m */,
				EA5870F91DC0EC8F00FCF126 /* OGInventoryComponent.h */,
				EA5870FA1DC0EC8F00FCF126 /* OGInventoryComponent.m */,
				EA9EAAC81DCC9D1400E36855 /* OGRenderComponent.h */,
				EA9EAAC91DCC9D1400E36855 /* OGRenderComponent.m */,
				EA9EAACB1DCC9E3100E36855 /* OGInputComponent.h */,
				EA9EAACC1DCC9E3100E36855 /* OGInputComponent.m */,
				EA9EAACE1DCC9E3E00E36855 /* OGIntelligenceComponent.h */,
				EA9EAACF1DCC9E3E00E36855 /* OGIntelligenceComponent.m */,
				EA49823F1DCF980A00DCFE00 /* OGPhysicsComponent.h */,
				EA4982401DCF980A00DCFE00 /* OGPhysicsComponent.m */,
			);
			name = Components;
			sourceTree = "<group>";
		};
		EA0D27281DB1475000CEFB8A /* LevelController */ = {
			isa = PBXGroup;
			children = (
				EA0D272C1DB147C100CEFB8A /* OGGameSceneDelegate.h */,
				2154A6031DBE562E00E414F3 /* OGGameSceneStoryDelegate.h */,
				EA5870F61DC0D8D400FCF126 /* OGLevelController.h */,
				EA5870F71DC0D8D400FCF126 /* OGLevelController.m */,
			);
			name = LevelController;
			sourceTree = "<group>";
		};
		EA4982431DCFB12C00DCFE00 /* Player */ = {
			isa = PBXGroup;
			children = (
				EA9EAAC51DCC9CFE00E36855 /* OGPlayerEntity.h */,
				EA9EAAC61DCC9CFE00E36855 /* OGPlayerEntity.m */,
				EA9EAAD21DCCA76600E36855 /* OGPlayerEntityConfiguration.h */,
				EA9EAAD31DCCA76600E36855 /* OGPlayerEntityConfiguration.m */,
			);
			name = Player;
			sourceTree = "<group>";
		};
		EA4982441DCFB44000DCFE00 /* Enemy */ = {
			isa = PBXGroup;
			children = (
				EA4982451DCFB44E00DCFE00 /* OGEnemyEntity.h */,
				EA4982461DCFB44E00DCFE00 /* OGEnemyEntity.m */,
				EA4982481DD0F14B00DCFE00 /* OGEnemyEntityConfiguration.h */,
				EA4982491DD0F14B00DCFE00 /* OGEnemyEntityConfiguration.m */,
			);
			name = Enemy;
			sourceTree = "<group>";
		};
		EA49824B1DD0F28200DCFE00 /* Assets */ = {
			isa = PBXGroup;
			children = (
				EA49824C1DD0F29C00DCFE00 /* Scenes */,
			);
			name = Assets;
			sourceTree = "<group>";
		};
		EA49824C1DD0F29C00DCFE00 /* Scenes */ = {
			isa = PBXGroup;
			children = (
				1B27EA9B1DC090BE00E9CA23 /* OGMainMenuScene.sks */,
				1B27EAA71DC0CEA200E9CA23 /* OGMapMenuScene.sks */,
				215C4BE71DC269D6000DF29F /* OGSettingsMenuScene.sks */,
				215C4BE11DC25D53000DF29F /* OGShopMenuScene.sks */,
				EA49824D1DD0F2A800DCFE00 /* Level1 */,
			);
			name = Scenes;
			sourceTree = "<group>";
		};
		EA49824D1DD0F2A800DCFE00 /* Level1 */ = {
			isa = PBXGroup;
			children = (
				215C4BDB1DC0ED1B000DF29F /* OGInitialLevel.sks */,
				EA49824E1DD0F2ED00DCFE00 /* Level1.plist */,
			);
			name = Level1;
			sourceTree = "<group>";
		};
		EA4982531DD101CF00DCFE00 /* Configuration */ = {
			isa = PBXGroup;
			children = (
				EA4982501DD0F48400DCFE00 /* OGGameSceneConfiguration.h */,
				EA4982511DD0F48400DCFE00 /* OGGameSceneConfiguration.m */,
				EA4982541DD101ED00DCFE00 /* OGEnemyConfiguration.h */,
				EA4982551DD101ED00DCFE00 /* OGEnemyConfiguration.m */,
			);
			name = Configuration;
			sourceTree = "<group>";
		};
		EA5F11FB1DD4AF8F006D4129 /* Physics Contact */ = {
			isa = PBXGroup;
			children = (
				EAA490C41DA7BE0C007734F0 /* OGCollisionBitMask.h */,
				EA4982421DCF98D600DCFE00 /* OGColliderType.h */,
				EA5F11FC1DD4AFD1006D4129 /* OGColliderType.m */,
				EA5F11FE1DD4D47D006D4129 /* OGContactNotifiableType.h */,
			);
			name = "Physics Contact";
			sourceTree = "<group>";
		};
		EA5F11FF1DD4D59F006D4129 /* Camera */ = {
			isa = PBXGroup;
			children = (
				EA49827B1DD229E900DCFE00 /* OGCameraController.h */,
				EA49827C1DD229E900DCFE00 /* OGCameraController.m */,
			);
			name = Camera;
			sourceTree = "<group>";
		};
		EA70E52C1DB3F4770034116D /* Nodes */ = {
			isa = PBXGroup;
			children = (
				1B36E4C91DC624010080D80B /* Screens */,
				1B27EA9D1DC092DA00E9CA23 /* OGButtonNode.h */,
				1B27EA9E1DC092DA00E9CA23 /* OGButtonNode.m */,
				EA67C4891DC0FE7C00EC4297 /* OGStatusBar.h */,
				EA67C48A1DC0FE7C00EC4297 /* OGStatusBar.m */,
				EA49823B1DCF77BB00DCFE00 /* OGThumbStickNode.h */,
				EA49823C1DCF77BB00DCFE00 /* OGThumbStickNode.m */,
				EA49823E1DCF787E00DCFE00 /* OGThumbStickNodeDelegate.h */,
			);
			name = Nodes;
			sourceTree = "<group>";
		};
		EA976C731D9AAEE2003B77FC = {
			isa = PBXGroup;
			children = (
				EA976C7E1D9AAEE2003B77FC /* Olvido */,
				EA976C7D1D9AAEE2003B77FC /* Products */,
			);
			sourceTree = "<group>";
		};
		EA976C7D1D9AAEE2003B77FC /* Products */ = {
			isa = PBXGroup;
			children = (
				EA976C7C1D9AAEE2003B77FC /* Olvido.app */,
			);
			name = Products;
			sourceTree = "<group>";
		};
		EA976C7E1D9AAEE2003B77FC /* Olvido */ = {
			isa = PBXGroup;
			children = (
				1B27EAAD1DC0E2C000E9CA23 /* StateMachines */,
				EA70E52C1DB3F4770034116D /* Nodes */,
				EA0D27281DB1475000CEFB8A /* LevelController */,
				EA5F11FB1DD4AF8F006D4129 /* Physics Contact */,
				EA976D051D9EDBF8003B77FC /* Scenes */,
				EA9EAAC41DCC9CE400E36855 /* Entities */,
				EA0D27271DB1473A00CEFB8A /* Components */,
				EA9EAAD51DCCBF7000E36855 /* Input */,
				EAC384151DB43A2800235B27 /* Utils */,
				EA976C8A1D9AAEE2003B77FC /* OGGameViewController.h */,
				EA976C8B1D9AAEE2003B77FC /* OGGameViewController.m */,
				EA976C821D9AAEE2003B77FC /* OGAppDelegate.h */,
				EA976C831D9AAEE2003B77FC /* OGAppDelegate.m */,
				EA976CCB1D9C253B003B77FC /* LaunchScreen.storyboard */,
				EA976CCD1D9C253B003B77FC /* Main.storyboard */,
				EA49824B1DD0F28200DCFE00 /* Assets */,
				EA976C901D9AAEE2003B77FC /* Assets.xcassets */,
				EA976C951D9AAEE3003B77FC /* Info.plist */,
				EA976C7F1D9AAEE2003B77FC /* Supporting Files */,
			);
			path = Olvido;
			sourceTree = "<group>";
		};
		EA976C7F1D9AAEE2003B77FC /* Supporting Files */ = {
			isa = PBXGroup;
			children = (
				EA976C801D9AAEE2003B77FC /* main.m */,
			);
			name = "Supporting Files";
			sourceTree = "<group>";
		};
		EA976D051D9EDBF8003B77FC /* Scenes */ = {
			isa = PBXGroup;
			children = (
				1B28BEAB1DC893A000EC0BBD /* Game */,
				1B28BEAA1DC8938100EC0BBD /* Menu */,
			);
			name = Scenes;
			sourceTree = "<group>";
		};
		EA9EAAC41DCC9CE400E36855 /* Entities */ = {
			isa = PBXGroup;
			children = (
				EA4982431DCFB12C00DCFE00 /* Player */,
				EA4982441DCFB44000DCFE00 /* Enemy */,
			);
			name = Entities;
			sourceTree = "<group>";
		};
		EA9EAAD51DCCBF7000E36855 /* Input */ = {
			isa = PBXGroup;
			children = (
				EA9EAAD61DCCBF8F00E36855 /* OGControlInputSource.h */,
				EA9EAAD71DCCC06800E36855 /* OGTouchControlInputNode.h */,
				EA9EAAD81DCCC06800E36855 /* OGTouchControlInputNode.m */,
			);
			name = Input;
			sourceTree = "<group>";
		};
		EAC384151DB43A2800235B27 /* Utils */ = {
			isa = PBXGroup;
			children = (
				EA976CFF1D9ED6BF003B77FC /* SKColor+OGConstantColors.h */,
				EA976D001D9ED6BF003B77FC /* SKColor+OGConstantColors.m */,
				EA976D0A1D9FDF76003B77FC /* OGTimer.h */,
				EA976D0B1D9FDF76003B77FC /* OGTimer.m */,
				EAA490C51DA7BE52007734F0 /* OGConstants.h */,
				EAA490C61DA7BE64007734F0 /* OGConstants.m */,
				EA0D272D1DB149DA00CEFB8A /* LevelsMap.plist */,
				1B36E4D61DC6630C0080D80B /* OGZPositionEnum.m */,
			);
			name = Utils;
			sourceTree = "<group>";
		};
/* End PBXGroup section */

/* Begin PBXNativeTarget section */
		EA976C7B1D9AAEE2003B77FC /* Olvido */ = {
			isa = PBXNativeTarget;
			buildConfigurationList = EA976C981D9AAEE3003B77FC /* Build configuration list for PBXNativeTarget "Olvido" */;
			buildPhases = (
				EA976C781D9AAEE2003B77FC /* Sources */,
				EA976C791D9AAEE2003B77FC /* Frameworks */,
				EA976C7A1D9AAEE2003B77FC /* Resources */,
			);
			buildRules = (
			);
			dependencies = (
			);
			name = Olvido;
			productName = Olvido;
			productReference = EA976C7C1D9AAEE2003B77FC /* Olvido.app */;
			productType = "com.apple.product-type.application";
		};
/* End PBXNativeTarget section */

/* Begin PBXProject section */
		EA976C741D9AAEE2003B77FC /* Project object */ = {
			isa = PBXProject;
			attributes = {
				CLASSPREFIX = OG;
				LastUpgradeCheck = 0800;
				ORGANIZATIONNAME = "Дмитрий Антипенко";
				TargetAttributes = {
					EA976C7B1D9AAEE2003B77FC = {
						CreatedOnToolsVersion = 7.3.1;
						DevelopmentTeam = Z8D3NJ2X9W;
					};
				};
			};
			buildConfigurationList = EA976C771D9AAEE2003B77FC /* Build configuration list for PBXProject "Olvido" */;
			compatibilityVersion = "Xcode 3.2";
			developmentRegion = English;
			hasScannedForEncodings = 0;
			knownRegions = (
				en,
				Base,
			);
			mainGroup = EA976C731D9AAEE2003B77FC;
			productRefGroup = EA976C7D1D9AAEE2003B77FC /* Products */;
			projectDirPath = "";
			projectRoot = "";
			targets = (
				EA976C7B1D9AAEE2003B77FC /* Olvido */,
			);
		};
/* End PBXProject section */

/* Begin PBXResourcesBuildPhase section */
		EA976C7A1D9AAEE2003B77FC /* Resources */ = {
			isa = PBXResourcesBuildPhase;
			buildActionMask = 2147483647;
			files = (
				1B36E4C81DC618100080D80B /* OGPauseScreen.sks in Resources */,
				215C4BE21DC25D53000DF29F /* OGShopMenuScene.sks in Resources */,
				1B27EAA81DC0CEA200E9CA23 /* OGMapMenuScene.sks in Resources */,
				21DD19731DBE1C0E0048658A /* OGChapter1.sks in Resources */,
				1B27EA9C1DC090BE00E9CA23 /* OGMainMenuScene.sks in Resources */,
				215C4BDC1DC0ED1B000DF29F /* OGInitialLevel.sks in Resources */,
				EA976CD01D9C253B003B77FC /* Main.storyboard in Resources */,
				EAAA9D011DC634060086E15B /* OGGameOverScreen.sks in Resources */,
				EA976C911D9AAEE2003B77FC /* Assets.xcassets in Resources */,
				EA49824F1DD0F2ED00DCFE00 /* Level1.plist in Resources */,
				EA0D272E1DB149DA00CEFB8A /* LevelsMap.plist in Resources */,
				EA976CCF1D9C253B003B77FC /* LaunchScreen.storyboard in Resources */,
				215C4BE81DC269D6000DF29F /* OGSettingsMenuScene.sks in Resources */,
			);
			runOnlyForDeploymentPostprocessing = 0;
		};
/* End PBXResourcesBuildPhase section */

/* Begin PBXSourcesBuildPhase section */
		EA976C781D9AAEE2003B77FC /* Sources */ = {
			isa = PBXSourcesBuildPhase;
			buildActionMask = 2147483647;
			files = (
				EA49823A1DCF70EB00DCFE00 /* OGTouchControlInputNode.m in Sources */,
				1B36E4D41DC639AB0080D80B /* OGAnimationComponent.m in Sources */,
				EA49824A1DD0F14B00DCFE00 /* OGEnemyEntityConfiguration.m in Sources */,
				1B2388E21DB4C97700A9092B /* OGTapMovementControlComponent.m in Sources */,
				EA2389C11DBA63C600E5B01F /* OGHealthComponent.m in Sources */,
				1B27EAA21DC0934300E9CA23 /* OGMainMenuScene.m in Sources */,
				1B27EAB71DC0F6C100E9CA23 /* OGBeforeStartLevelState.m in Sources */,
				1B2388DB1DB4BDD000A9092B /* OGDragMovementControlComponent.m in Sources */,
				EA4982471DCFB44E00DCFE00 /* OGEnemyEntity.m in Sources */,
				EA4982521DD0F48400DCFE00 /* OGGameSceneConfiguration.m in Sources */,
				1B27EAAB1DC0D0A900E9CA23 /* OGMapMenuScene.m in Sources */,
				1B36E4D71DC6630C0080D80B /* OGZPositionEnum.m in Sources */,
				EA9EAAD41DCCA76600E36855 /* OGPlayerEntityConfiguration.m in Sources */,
				EA4982411DCF980A00DCFE00 /* OGPhysicsComponent.m in Sources */,
				EA976D0C1D9FDF76003B77FC /* OGTimer.m in Sources */,
				215C4BE61DC269AC000DF29F /* OGSettingsMenuScene.m in Sources */,
				1B27EAC31DC0F6FD00E9CA23 /* OGDeathLevelState.m in Sources */,
				1B27EAA51DC0BCF300E9CA23 /* OGTapAndStopMovementControlComponent.m in Sources */,
				1B27EA9F1DC092DA00E9CA23 /* OGButtonNode.m in Sources */,
				EA976D011D9ED6BF003B77FC /* SKColor+OGConstantColors.m in Sources */,
				1B27EAC01DC0F6F000E9CA23 /* OGCompleteLevelState.m in Sources */,
				1B27EABD1DC0F6DE00E9CA23 /* OGPauseLevelState.m in Sources */,
				EAE9E6821DC3778A00B65DFB /* OGStoryConclusionLevelState.m in Sources */,
				EA67C48B1DC0FE7C00EC4297 /* OGStatusBar.m in Sources */,
				EA9EAAD01DCC9E3E00E36855 /* OGIntelligenceComponent.m in Sources */,
				EA49823D1DCF77BB00DCFE00 /* OGThumbStickNode.m in Sources */,
				EA9EAAC71DCC9CFE00E36855 /* OGPlayerEntity.m in Sources */,
				EA3CE3241DBA8E680087842D /* OGMessageComponent.m in Sources */,
				1B27EAB11DC0E2DE00E9CA23 /* OGLevelState.m in Sources */,
				EA00D19B1DBA142100B6AC1B /* OGShootingComponent.m in Sources */,
				EA49827D1DD229E900DCFE00 /* OGCameraController.m in Sources */,
				EA976C8C1D9AAEE2003B77FC /* OGGameViewController.m in Sources */,
				EA976C841D9AAEE2003B77FC /* OGAppDelegate.m in Sources */,
				1B27EABA1DC0F6D100E9CA23 /* OGGameLevelState.m in Sources */,
				EA5F11FD1DD4AFD2006D4129 /* OGColliderType.m in Sources */,
				215C4BDA1DC0ED06000DF29F /* OGInitialLevel.m in Sources */,
				1B36E4D01DC633300080D80B /* OGAnimationState.m in Sources */,
				EAA490C71DA7BE64007734F0 /* OGConstants.m in Sources */,
				EA976C811D9AAEE2003B77FC /* main.m in Sources */,
				1B2388DF1DB4C4A000A9092B /* OGMovementControlComponent.m in Sources */,
				EA4982561DD101ED00DCFE00 /* OGEnemyConfiguration.m in Sources */,
				EA5870F81DC0D8D400FCF126 /* OGLevelController.m in Sources */,
				2154A6061DBE5CAE00E414F3 /* OGStoryScene.m in Sources */,
				215C4BE01DC25D3F000DF29F /* OGShopMenuScene.m in Sources */,
				EA9EAACD1DCC9E3100E36855 /* OGInputComponent.m in Sources */,
				EA70E5281DB3F4620034116D /* OGMovementComponent.m in Sources */,
				EA9EAACA1DCC9D1400E36855 /* OGRenderComponent.m in Sources */,
				EA5870FB1DC0EC8F00FCF126 /* OGInventoryComponent.m in Sources */,
				EA5870F51DC0D26000FCF126 /* OGGameScene.m in Sources */,
			);
			runOnlyForDeploymentPostprocessing = 0;
		};
/* End PBXSourcesBuildPhase section */

/* Begin PBXVariantGroup section */
		EA976CCB1D9C253B003B77FC /* LaunchScreen.storyboard */ = {
			isa = PBXVariantGroup;
			children = (
				EA976CCC1D9C253B003B77FC /* Base */,
			);
			name = LaunchScreen.storyboard;
			sourceTree = "<group>";
		};
		EA976CCD1D9C253B003B77FC /* Main.storyboard */ = {
			isa = PBXVariantGroup;
			children = (
				EA976CCE1D9C253B003B77FC /* Base */,
			);
			name = Main.storyboard;
			sourceTree = "<group>";
		};
/* End PBXVariantGroup section */

/* Begin XCBuildConfiguration section */
		EA976C961D9AAEE3003B77FC /* Debug */ = {
			isa = XCBuildConfiguration;
			buildSettings = {
				ALWAYS_SEARCH_USER_PATHS = NO;
				CLANG_ANALYZER_NONNULL = YES;
				CLANG_CXX_LANGUAGE_STANDARD = "gnu++0x";
				CLANG_CXX_LIBRARY = "libc++";
				CLANG_ENABLE_MODULES = YES;
				CLANG_ENABLE_OBJC_ARC = NO;
				CLANG_WARN_BOOL_CONVERSION = YES;
				CLANG_WARN_CONSTANT_CONVERSION = YES;
				CLANG_WARN_DIRECT_OBJC_ISA_USAGE = YES_ERROR;
				CLANG_WARN_EMPTY_BODY = YES;
				CLANG_WARN_ENUM_CONVERSION = YES;
				CLANG_WARN_INFINITE_RECURSION = YES;
				CLANG_WARN_INT_CONVERSION = YES;
				CLANG_WARN_OBJC_ROOT_CLASS = YES_ERROR;
				CLANG_WARN_SUSPICIOUS_MOVE = YES;
				CLANG_WARN_UNREACHABLE_CODE = YES;
				CLANG_WARN__DUPLICATE_METHOD_MATCH = YES;
				"CODE_SIGN_IDENTITY[sdk=iphoneos*]" = "iPhone Developer";
				COPY_PHASE_STRIP = NO;
				DEBUG_INFORMATION_FORMAT = "dwarf-with-dsym";
				ENABLE_STRICT_OBJC_MSGSEND = YES;
				ENABLE_TESTABILITY = YES;
				GCC_C_LANGUAGE_STANDARD = gnu99;
				GCC_DYNAMIC_NO_PIC = NO;
				GCC_NO_COMMON_BLOCKS = YES;
				GCC_OPTIMIZATION_LEVEL = 0;
				GCC_PREPROCESSOR_DEFINITIONS = (
					"DEBUG=1",
					"$(inherited)",
				);
				GCC_WARN_64_TO_32_BIT_CONVERSION = YES;
				GCC_WARN_ABOUT_RETURN_TYPE = YES_ERROR;
				GCC_WARN_UNDECLARED_SELECTOR = YES;
				GCC_WARN_UNINITIALIZED_AUTOS = YES_AGGRESSIVE;
				GCC_WARN_UNUSED_FUNCTION = YES;
				GCC_WARN_UNUSED_VARIABLE = YES;
				IPHONEOS_DEPLOYMENT_TARGET = 10.1;
				MTL_ENABLE_DEBUG_INFO = YES;
				ONLY_ACTIVE_ARCH = YES;
				SDKROOT = iphoneos;
				TARGETED_DEVICE_FAMILY = "1,2";
			};
			name = Debug;
		};
		EA976C971D9AAEE3003B77FC /* Release */ = {
			isa = XCBuildConfiguration;
			buildSettings = {
				ALWAYS_SEARCH_USER_PATHS = NO;
				CLANG_ANALYZER_NONNULL = YES;
				CLANG_CXX_LANGUAGE_STANDARD = "gnu++0x";
				CLANG_CXX_LIBRARY = "libc++";
				CLANG_ENABLE_MODULES = YES;
				CLANG_ENABLE_OBJC_ARC = NO;
				CLANG_WARN_BOOL_CONVERSION = YES;
				CLANG_WARN_CONSTANT_CONVERSION = YES;
				CLANG_WARN_DIRECT_OBJC_ISA_USAGE = YES_ERROR;
				CLANG_WARN_EMPTY_BODY = YES;
				CLANG_WARN_ENUM_CONVERSION = YES;
				CLANG_WARN_INFINITE_RECURSION = YES;
				CLANG_WARN_INT_CONVERSION = YES;
				CLANG_WARN_OBJC_ROOT_CLASS = YES_ERROR;
				CLANG_WARN_SUSPICIOUS_MOVE = YES;
				CLANG_WARN_UNREACHABLE_CODE = YES;
				CLANG_WARN__DUPLICATE_METHOD_MATCH = YES;
				"CODE_SIGN_IDENTITY[sdk=iphoneos*]" = "iPhone Developer";
				COPY_PHASE_STRIP = NO;
				DEBUG_INFORMATION_FORMAT = "dwarf-with-dsym";
				ENABLE_NS_ASSERTIONS = NO;
				ENABLE_STRICT_OBJC_MSGSEND = YES;
				GCC_C_LANGUAGE_STANDARD = gnu99;
				GCC_NO_COMMON_BLOCKS = YES;
				GCC_WARN_64_TO_32_BIT_CONVERSION = YES;
				GCC_WARN_ABOUT_RETURN_TYPE = YES_ERROR;
				GCC_WARN_UNDECLARED_SELECTOR = YES;
				GCC_WARN_UNINITIALIZED_AUTOS = YES_AGGRESSIVE;
				GCC_WARN_UNUSED_FUNCTION = YES;
				GCC_WARN_UNUSED_VARIABLE = YES;
				IPHONEOS_DEPLOYMENT_TARGET = 10.1;
				MTL_ENABLE_DEBUG_INFO = NO;
				SDKROOT = iphoneos;
				TARGETED_DEVICE_FAMILY = "1,2";
				VALIDATE_PRODUCT = YES;
			};
			name = Release;
		};
		EA976C991D9AAEE3003B77FC /* Debug */ = {
			isa = XCBuildConfiguration;
			buildSettings = {
				ASSETCATALOG_COMPILER_APPICON_NAME = AppIcon;
				CLANG_ENABLE_OBJC_ARC = YES;
				CODE_SIGN_IDENTITY = "iPhone Developer";
				"CODE_SIGN_IDENTITY[sdk=iphoneos*]" = "iPhone Developer";
				DEVELOPMENT_TEAM = Z8D3NJ2X9W;
				INFOPLIST_FILE = Olvido/Info.plist;
				IPHONEOS_DEPLOYMENT_TARGET = 10.1;
				LD_RUNPATH_SEARCH_PATHS = "$(inherited) @executable_path/Frameworks";
				PRODUCT_BUNDLE_IDENTIFIER = ZEOUniversity.Olvido1;
				PRODUCT_NAME = "$(TARGET_NAME)";
				PROVISIONING_PROFILE = "";
				TARGETED_DEVICE_FAMILY = "1,2";
			};
			name = Debug;
		};
		EA976C9A1D9AAEE3003B77FC /* Release */ = {
			isa = XCBuildConfiguration;
			buildSettings = {
				ASSETCATALOG_COMPILER_APPICON_NAME = AppIcon;
				CLANG_ENABLE_OBJC_ARC = YES;
				CODE_SIGN_IDENTITY = "iPhone Developer";
				"CODE_SIGN_IDENTITY[sdk=iphoneos*]" = "iPhone Developer";
				DEVELOPMENT_TEAM = Z8D3NJ2X9W;
				INFOPLIST_FILE = Olvido/Info.plist;
				IPHONEOS_DEPLOYMENT_TARGET = 10.1;
				LD_RUNPATH_SEARCH_PATHS = "$(inherited) @executable_path/Frameworks";
				PRODUCT_BUNDLE_IDENTIFIER = ZEOUniversity.Olvido1;
				PRODUCT_NAME = "$(TARGET_NAME)";
				PROVISIONING_PROFILE = "";
				TARGETED_DEVICE_FAMILY = "1,2";
			};
			name = Release;
		};
/* End XCBuildConfiguration section */

/* Begin XCConfigurationList section */
		EA976C771D9AAEE2003B77FC /* Build configuration list for PBXProject "Olvido" */ = {
			isa = XCConfigurationList;
			buildConfigurations = (
				EA976C961D9AAEE3003B77FC /* Debug */,
				EA976C971D9AAEE3003B77FC /* Release */,
			);
			defaultConfigurationIsVisible = 0;
			defaultConfigurationName = Release;
		};
		EA976C981D9AAEE3003B77FC /* Build configuration list for PBXNativeTarget "Olvido" */ = {
			isa = XCConfigurationList;
			buildConfigurations = (
				EA976C991D9AAEE3003B77FC /* Debug */,
				EA976C9A1D9AAEE3003B77FC /* Release */,
			);
			defaultConfigurationIsVisible = 0;
			defaultConfigurationName = Release;
		};
/* End XCConfigurationList section */
	};
	rootObject = EA976C741D9AAEE2003B77FC /* Project object */;
}
