// !$*UTF8*$!
{
	archiveVersion = 1;
	classes = {
	};
	objectVersion = 46;
	objects = {

/* Begin PBXBuildFile section */
		1B2388DB1DB4BDD000A9092B /* OGDragMovementControlComponent.m in Sources */ = {isa = PBXBuildFile; fileRef = 1B2388DA1DB4BDD000A9092B /* OGDragMovementControlComponent.m */; };
		1B2388DF1DB4C4A000A9092B /* OGMovementControlComponent.m in Sources */ = {isa = PBXBuildFile; fileRef = 1B2388DE1DB4C4A000A9092B /* OGMovementControlComponent.m */; };
		1B2388E21DB4C97700A9092B /* OGTapMovementControlComponent.m in Sources */ = {isa = PBXBuildFile; fileRef = 1B2388E11DB4C97700A9092B /* OGTapMovementControlComponent.m */; };
		1B9458A41DA6B08900C0C951 /* OGBasicGameNode.m in Sources */ = {isa = PBXBuildFile; fileRef = 1B9458A31DA6B08900C0C951 /* OGBasicGameNode.m */; };
		1B9458A71DA6B0B300C0C951 /* OGBonusNode.m in Sources */ = {isa = PBXBuildFile; fileRef = 1B9458A61DA6B0B300C0C951 /* OGBonusNode.m */; };
		1BDD76321DA7C26500C522DE /* OGObstacleNode.m in Sources */ = {isa = PBXBuildFile; fileRef = 1BDD762F1DA7C26500C522DE /* OGObstacleNode.m */; };
		1BDD76331DA7C26500C522DE /* OGPlayerNode.m in Sources */ = {isa = PBXBuildFile; fileRef = 1BDD76311DA7C26500C522DE /* OGPlayerNode.m */; };
		EA0D272B1DB1478F00CEFB8A /* OGScenesController.m in Sources */ = {isa = PBXBuildFile; fileRef = EA0D272A1DB1478F00CEFB8A /* OGScenesController.m */; };
		EA0D272E1DB149DA00CEFB8A /* LevelsMap.plist in Resources */ = {isa = PBXBuildFile; fileRef = EA0D272D1DB149DA00CEFB8A /* LevelsMap.plist */; };
		EA0D27351DB1503500CEFB8A /* OGInitialScene.m in Sources */ = {isa = PBXBuildFile; fileRef = EA0D27341DB1503500CEFB8A /* OGInitialScene.m */; };
		EA0D273C1DB1576400CEFB8A /* OGObstaclesScene.m in Sources */ = {isa = PBXBuildFile; fileRef = EA0D273B1DB1576400CEFB8A /* OGObstaclesScene.m */; };
		EA0D27401DB15C4E00CEFB8A /* OGMovingObstaclesScene.m in Sources */ = {isa = PBXBuildFile; fileRef = EA0D273F1DB15C4E00CEFB8A /* OGMovingObstaclesScene.m */; };
		EA5C3B0F1DB4A682006FC219 /* OGFlameScene.m in Sources */ = {isa = PBXBuildFile; fileRef = EA5C3B0E1DB4A682006FC219 /* OGFlameScene.m */; };
		EA5C3B121DB4A7D4006FC219 /* Flame.sks in Resources */ = {isa = PBXBuildFile; fileRef = EA5C3B101DB4A7D4006FC219 /* Flame.sks */; };
		EA5C3B131DB4A7D4006FC219 /* spark.png in Resources */ = {isa = PBXBuildFile; fileRef = EA5C3B111DB4A7D4006FC219 /* spark.png */; };
		EA5C3B161DB66A68006FC219 /* OGControlChoosingScene.m in Sources */ = {isa = PBXBuildFile; fileRef = EA5C3B151DB66A68006FC219 /* OGControlChoosingScene.m */; };
		EA70E5271DB3F4620034116D /* OGEntity.m in Sources */ = {isa = PBXBuildFile; fileRef = EA70E51F1DB3F4620034116D /* OGEntity.m */; };
		EA70E5281DB3F4620034116D /* OGMovementComponent.m in Sources */ = {isa = PBXBuildFile; fileRef = EA70E5211DB3F4620034116D /* OGMovementComponent.m */; };
		EA70E5291DB3F4620034116D /* OGSpriteNode.m in Sources */ = {isa = PBXBuildFile; fileRef = EA70E5231DB3F4620034116D /* OGSpriteNode.m */; };
		EA70E52A1DB3F4620034116D /* OGVisualComponent.m in Sources */ = {isa = PBXBuildFile; fileRef = EA70E5251DB3F4620034116D /* OGVisualComponent.m */; };
		EA70E52B1DB3F4620034116D /* playerTail.sks in Resources */ = {isa = PBXBuildFile; fileRef = EA70E5261DB3F4620034116D /* playerTail.sks */; };
		EA976C811D9AAEE2003B77FC /* main.m in Sources */ = {isa = PBXBuildFile; fileRef = EA976C801D9AAEE2003B77FC /* main.m */; };
		EA976C841D9AAEE2003B77FC /* OGAppDelegate.m in Sources */ = {isa = PBXBuildFile; fileRef = EA976C831D9AAEE2003B77FC /* OGAppDelegate.m */; };
		EA976C8C1D9AAEE2003B77FC /* OGGameViewController.m in Sources */ = {isa = PBXBuildFile; fileRef = EA976C8B1D9AAEE2003B77FC /* OGGameViewController.m */; };
		EA976C911D9AAEE2003B77FC /* Assets.xcassets in Resources */ = {isa = PBXBuildFile; fileRef = EA976C901D9AAEE2003B77FC /* Assets.xcassets */; };
		EA976CCF1D9C253B003B77FC /* LaunchScreen.storyboard in Resources */ = {isa = PBXBuildFile; fileRef = EA976CCB1D9C253B003B77FC /* LaunchScreen.storyboard */; };
		EA976CD01D9C253B003B77FC /* Main.storyboard in Resources */ = {isa = PBXBuildFile; fileRef = EA976CCD1D9C253B003B77FC /* Main.storyboard */; };
		EA976D011D9ED6BF003B77FC /* SKColor+OGConstantColors.m in Sources */ = {isa = PBXBuildFile; fileRef = EA976D001D9ED6BF003B77FC /* SKColor+OGConstantColors.m */; };
		EA976D0C1D9FDF76003B77FC /* OGTimer.m in Sources */ = {isa = PBXBuildFile; fileRef = EA976D0B1D9FDF76003B77FC /* OGTimer.m */; };
		EA976D0F1D9FE940003B77FC /* OGTimerNode.m in Sources */ = {isa = PBXBuildFile; fileRef = EA976D0E1D9FE940003B77FC /* OGTimerNode.m */; };
		EAA490B01DA54B72007734F0 /* OGScoreController.m in Sources */ = {isa = PBXBuildFile; fileRef = EAA490AF1DA54B72007734F0 /* OGScoreController.m */; };
		EAA490C71DA7BE64007734F0 /* OGConstants.m in Sources */ = {isa = PBXBuildFile; fileRef = EAA490C61DA7BE64007734F0 /* OGConstants.m */; };
		EAA490CB1DA7E087007734F0 /* OGEnemyNode.m in Sources */ = {isa = PBXBuildFile; fileRef = EAA490CA1DA7E087007734F0 /* OGEnemyNode.m */; };
		EAC384131DB439CE00235B27 /* OGGameScene+OGGameSceneCreation.m in Sources */ = {isa = PBXBuildFile; fileRef = EAC384121DB439CE00235B27 /* OGGameScene+OGGameSceneCreation.m */; };
		EAFBC9721DB3CFC800142D66 /* OGGameScene.m in Sources */ = {isa = PBXBuildFile; fileRef = EAFBC9711DB3CFC800142D66 /* OGGameScene.m */; };
		EAFBC9781DB3E64800142D66 /* OGTransitionComponent.m in Sources */ = {isa = PBXBuildFile; fileRef = EAFBC9771DB3E64800142D66 /* OGTransitionComponent.m */; };
/* End PBXBuildFile section */

/* Begin PBXFileReference section */
		1B2388D91DB4BDD000A9092B /* OGDragMovementControlComponent.h */ = {isa = PBXFileReference; fileEncoding = 4; lastKnownFileType = sourcecode.c.h; path = OGDragMovementControlComponent.h; sourceTree = "<group>"; };
		1B2388DA1DB4BDD000A9092B /* OGDragMovementControlComponent.m */ = {isa = PBXFileReference; fileEncoding = 4; lastKnownFileType = sourcecode.c.objc; path = OGDragMovementControlComponent.m; sourceTree = "<group>"; };
		1B2388DD1DB4C4A000A9092B /* OGMovementControlComponent.h */ = {isa = PBXFileReference; fileEncoding = 4; lastKnownFileType = sourcecode.c.h; path = OGMovementControlComponent.h; sourceTree = "<group>"; };
		1B2388DE1DB4C4A000A9092B /* OGMovementControlComponent.m */ = {isa = PBXFileReference; fileEncoding = 4; lastKnownFileType = sourcecode.c.objc; path = OGMovementControlComponent.m; sourceTree = "<group>"; };
		1B2388E01DB4C97700A9092B /* OGTapMovementControlComponent.h */ = {isa = PBXFileReference; fileEncoding = 4; lastKnownFileType = sourcecode.c.h; path = OGTapMovementControlComponent.h; sourceTree = "<group>"; };
		1B2388E11DB4C97700A9092B /* OGTapMovementControlComponent.m */ = {isa = PBXFileReference; fileEncoding = 4; lastKnownFileType = sourcecode.c.objc; path = OGTapMovementControlComponent.m; sourceTree = "<group>"; };
		1B9458A21DA6B08900C0C951 /* OGBasicGameNode.h */ = {isa = PBXFileReference; fileEncoding = 4; lastKnownFileType = sourcecode.c.h; path = OGBasicGameNode.h; sourceTree = "<group>"; };
		1B9458A31DA6B08900C0C951 /* OGBasicGameNode.m */ = {isa = PBXFileReference; fileEncoding = 4; lastKnownFileType = sourcecode.c.objc; path = OGBasicGameNode.m; sourceTree = "<group>"; };
		1B9458A51DA6B0B300C0C951 /* OGBonusNode.h */ = {isa = PBXFileReference; fileEncoding = 4; lastKnownFileType = sourcecode.c.h; path = OGBonusNode.h; sourceTree = "<group>"; };
		1B9458A61DA6B0B300C0C951 /* OGBonusNode.m */ = {isa = PBXFileReference; fileEncoding = 4; lastKnownFileType = sourcecode.c.objc; path = OGBonusNode.m; sourceTree = "<group>"; };
		1BDD762E1DA7C26500C522DE /* OGObstacleNode.h */ = {isa = PBXFileReference; fileEncoding = 4; lastKnownFileType = sourcecode.c.h; path = OGObstacleNode.h; sourceTree = "<group>"; };
		1BDD762F1DA7C26500C522DE /* OGObstacleNode.m */ = {isa = PBXFileReference; fileEncoding = 4; lastKnownFileType = sourcecode.c.objc; path = OGObstacleNode.m; sourceTree = "<group>"; };
		1BDD76301DA7C26500C522DE /* OGPlayerNode.h */ = {isa = PBXFileReference; fileEncoding = 4; lastKnownFileType = sourcecode.c.h; path = OGPlayerNode.h; sourceTree = "<group>"; };
		1BDD76311DA7C26500C522DE /* OGPlayerNode.m */ = {isa = PBXFileReference; fileEncoding = 4; lastKnownFileType = sourcecode.c.objc; path = OGPlayerNode.m; sourceTree = "<group>"; };
		EA0D27291DB1478F00CEFB8A /* OGScenesController.h */ = {isa = PBXFileReference; fileEncoding = 4; lastKnownFileType = sourcecode.c.h; path = OGScenesController.h; sourceTree = "<group>"; };
		EA0D272A1DB1478F00CEFB8A /* OGScenesController.m */ = {isa = PBXFileReference; fileEncoding = 4; lastKnownFileType = sourcecode.c.objc; path = OGScenesController.m; sourceTree = "<group>"; };
		EA0D272C1DB147C100CEFB8A /* OGGameSceneDelegate.h */ = {isa = PBXFileReference; lastKnownFileType = sourcecode.c.h; path = OGGameSceneDelegate.h; sourceTree = "<group>"; };
		EA0D272D1DB149DA00CEFB8A /* LevelsMap.plist */ = {isa = PBXFileReference; fileEncoding = 4; lastKnownFileType = text.plist.xml; path = LevelsMap.plist; sourceTree = "<group>"; };
		EA0D27331DB1503500CEFB8A /* OGInitialScene.h */ = {isa = PBXFileReference; fileEncoding = 4; lastKnownFileType = sourcecode.c.h; path = OGInitialScene.h; sourceTree = "<group>"; };
		EA0D27341DB1503500CEFB8A /* OGInitialScene.m */ = {isa = PBXFileReference; fileEncoding = 4; lastKnownFileType = sourcecode.c.objc; path = OGInitialScene.m; sourceTree = "<group>"; };
		EA0D27391DB153A400CEFB8A /* OGPortalLocation.h */ = {isa = PBXFileReference; lastKnownFileType = sourcecode.c.h; path = OGPortalLocation.h; sourceTree = "<group>"; };
		EA0D273A1DB1576400CEFB8A /* OGObstaclesScene.h */ = {isa = PBXFileReference; fileEncoding = 4; lastKnownFileType = sourcecode.c.h; path = OGObstaclesScene.h; sourceTree = "<group>"; };
		EA0D273B1DB1576400CEFB8A /* OGObstaclesScene.m */ = {isa = PBXFileReference; fileEncoding = 4; lastKnownFileType = sourcecode.c.objc; path = OGObstaclesScene.m; sourceTree = "<group>"; };
		EA0D273E1DB15C4E00CEFB8A /* OGMovingObstaclesScene.h */ = {isa = PBXFileReference; fileEncoding = 4; lastKnownFileType = sourcecode.c.h; path = OGMovingObstaclesScene.h; sourceTree = "<group>"; };
		EA0D273F1DB15C4E00CEFB8A /* OGMovingObstaclesScene.m */ = {isa = PBXFileReference; fileEncoding = 4; lastKnownFileType = sourcecode.c.objc; path = OGMovingObstaclesScene.m; sourceTree = "<group>"; };
		EA5C3B0D1DB4A682006FC219 /* OGFlameScene.h */ = {isa = PBXFileReference; fileEncoding = 4; lastKnownFileType = sourcecode.c.h; path = OGFlameScene.h; sourceTree = "<group>"; };
		EA5C3B0E1DB4A682006FC219 /* OGFlameScene.m */ = {isa = PBXFileReference; fileEncoding = 4; lastKnownFileType = sourcecode.c.objc; path = OGFlameScene.m; sourceTree = "<group>"; };
		EA5C3B101DB4A7D4006FC219 /* Flame.sks */ = {isa = PBXFileReference; lastKnownFileType = file.sks; path = Flame.sks; sourceTree = "<group>"; };
		EA5C3B111DB4A7D4006FC219 /* spark.png */ = {isa = PBXFileReference; lastKnownFileType = image.png; path = spark.png; sourceTree = "<group>"; };
		EA5C3B141DB66A68006FC219 /* OGControlChoosingScene.h */ = {isa = PBXFileReference; fileEncoding = 4; lastKnownFileType = sourcecode.c.h; path = OGControlChoosingScene.h; sourceTree = "<group>"; };
		EA5C3B151DB66A68006FC219 /* OGControlChoosingScene.m */ = {isa = PBXFileReference; fileEncoding = 4; lastKnownFileType = sourcecode.c.objc; path = OGControlChoosingScene.m; sourceTree = "<group>"; };
		EA70E51E1DB3F4620034116D /* OGEntity.h */ = {isa = PBXFileReference; fileEncoding = 4; lastKnownFileType = sourcecode.c.h; path = OGEntity.h; sourceTree = "<group>"; };
		EA70E51F1DB3F4620034116D /* OGEntity.m */ = {isa = PBXFileReference; fileEncoding = 4; lastKnownFileType = sourcecode.c.objc; path = OGEntity.m; sourceTree = "<group>"; };
		EA70E5201DB3F4620034116D /* OGMovementComponent.h */ = {isa = PBXFileReference; fileEncoding = 4; lastKnownFileType = sourcecode.c.h; path = OGMovementComponent.h; sourceTree = "<group>"; };
		EA70E5211DB3F4620034116D /* OGMovementComponent.m */ = {isa = PBXFileReference; fileEncoding = 4; lastKnownFileType = sourcecode.c.objc; path = OGMovementComponent.m; sourceTree = "<group>"; };
		EA70E5221DB3F4620034116D /* OGSpriteNode.h */ = {isa = PBXFileReference; fileEncoding = 4; lastKnownFileType = sourcecode.c.h; path = OGSpriteNode.h; sourceTree = "<group>"; };
		EA70E5231DB3F4620034116D /* OGSpriteNode.m */ = {isa = PBXFileReference; fileEncoding = 4; lastKnownFileType = sourcecode.c.objc; path = OGSpriteNode.m; sourceTree = "<group>"; };
		EA70E5241DB3F4620034116D /* OGVisualComponent.h */ = {isa = PBXFileReference; fileEncoding = 4; lastKnownFileType = sourcecode.c.h; path = OGVisualComponent.h; sourceTree = "<group>"; };
		EA70E5251DB3F4620034116D /* OGVisualComponent.m */ = {isa = PBXFileReference; fileEncoding = 4; lastKnownFileType = sourcecode.c.objc; path = OGVisualComponent.m; sourceTree = "<group>"; };
		EA70E5261DB3F4620034116D /* playerTail.sks */ = {isa = PBXFileReference; lastKnownFileType = file.sks; path = playerTail.sks; sourceTree = "<group>"; };
		EA976C7C1D9AAEE2003B77FC /* Olvido.app */ = {isa = PBXFileReference; explicitFileType = wrapper.application; includeInIndex = 0; path = Olvido.app; sourceTree = BUILT_PRODUCTS_DIR; };
		EA976C801D9AAEE2003B77FC /* main.m */ = {isa = PBXFileReference; lastKnownFileType = sourcecode.c.objc; path = main.m; sourceTree = "<group>"; };
		EA976C821D9AAEE2003B77FC /* OGAppDelegate.h */ = {isa = PBXFileReference; lastKnownFileType = sourcecode.c.h; path = OGAppDelegate.h; sourceTree = "<group>"; };
		EA976C831D9AAEE2003B77FC /* OGAppDelegate.m */ = {isa = PBXFileReference; lastKnownFileType = sourcecode.c.objc; path = OGAppDelegate.m; sourceTree = "<group>"; };
		EA976C8A1D9AAEE2003B77FC /* OGGameViewController.h */ = {isa = PBXFileReference; lastKnownFileType = sourcecode.c.h; path = OGGameViewController.h; sourceTree = "<group>"; };
		EA976C8B1D9AAEE2003B77FC /* OGGameViewController.m */ = {isa = PBXFileReference; lastKnownFileType = sourcecode.c.objc; path = OGGameViewController.m; sourceTree = "<group>"; };
		EA976C901D9AAEE2003B77FC /* Assets.xcassets */ = {isa = PBXFileReference; lastKnownFileType = folder.assetcatalog; path = Assets.xcassets; sourceTree = "<group>"; };
		EA976C951D9AAEE3003B77FC /* Info.plist */ = {isa = PBXFileReference; lastKnownFileType = text.plist.xml; path = Info.plist; sourceTree = "<group>"; };
		EA976CCC1D9C253B003B77FC /* Base */ = {isa = PBXFileReference; lastKnownFileType = file.storyboard; name = Base; path = Base.lproj/LaunchScreen.storyboard; sourceTree = "<group>"; };
		EA976CCE1D9C253B003B77FC /* Base */ = {isa = PBXFileReference; lastKnownFileType = file.storyboard; name = Base; path = Base.lproj/Main.storyboard; sourceTree = "<group>"; };
		EA976CFF1D9ED6BF003B77FC /* SKColor+OGConstantColors.h */ = {isa = PBXFileReference; fileEncoding = 4; lastKnownFileType = sourcecode.c.h; path = "SKColor+OGConstantColors.h"; sourceTree = "<group>"; };
		EA976D001D9ED6BF003B77FC /* SKColor+OGConstantColors.m */ = {isa = PBXFileReference; fileEncoding = 4; lastKnownFileType = sourcecode.c.objc; path = "SKColor+OGConstantColors.m"; sourceTree = "<group>"; };
		EA976D0A1D9FDF76003B77FC /* OGTimer.h */ = {isa = PBXFileReference; fileEncoding = 4; lastKnownFileType = sourcecode.c.h; path = OGTimer.h; sourceTree = "<group>"; };
		EA976D0B1D9FDF76003B77FC /* OGTimer.m */ = {isa = PBXFileReference; fileEncoding = 4; lastKnownFileType = sourcecode.c.objc; path = OGTimer.m; sourceTree = "<group>"; };
		EA976D0D1D9FE940003B77FC /* OGTimerNode.h */ = {isa = PBXFileReference; fileEncoding = 4; lastKnownFileType = sourcecode.c.h; path = OGTimerNode.h; sourceTree = "<group>"; };
		EA976D0E1D9FE940003B77FC /* OGTimerNode.m */ = {isa = PBXFileReference; fileEncoding = 4; lastKnownFileType = sourcecode.c.objc; path = OGTimerNode.m; sourceTree = "<group>"; };
		EAA490AE1DA54B72007734F0 /* OGScoreController.h */ = {isa = PBXFileReference; fileEncoding = 4; lastKnownFileType = sourcecode.c.h; path = OGScoreController.h; sourceTree = "<group>"; };
		EAA490AF1DA54B72007734F0 /* OGScoreController.m */ = {isa = PBXFileReference; fileEncoding = 4; lastKnownFileType = sourcecode.c.objc; path = OGScoreController.m; sourceTree = "<group>"; };
		EAA490C41DA7BE0C007734F0 /* OGCollisionBitMask.h */ = {isa = PBXFileReference; lastKnownFileType = sourcecode.c.h; path = OGCollisionBitMask.h; sourceTree = "<group>"; };
		EAA490C51DA7BE52007734F0 /* OGConstants.h */ = {isa = PBXFileReference; lastKnownFileType = sourcecode.c.h; path = OGConstants.h; sourceTree = "<group>"; };
		EAA490C61DA7BE64007734F0 /* OGConstants.m */ = {isa = PBXFileReference; fileEncoding = 4; lastKnownFileType = sourcecode.c.objc; path = OGConstants.m; sourceTree = "<group>"; };
		EAA490C91DA7E087007734F0 /* OGEnemyNode.h */ = {isa = PBXFileReference; fileEncoding = 4; lastKnownFileType = sourcecode.c.h; path = OGEnemyNode.h; sourceTree = "<group>"; };
		EAA490CA1DA7E087007734F0 /* OGEnemyNode.m */ = {isa = PBXFileReference; fileEncoding = 4; lastKnownFileType = sourcecode.c.objc; path = OGEnemyNode.m; sourceTree = "<group>"; };
		EAA490CC1DAAA0B6007734F0 /* OGContactType.h */ = {isa = PBXFileReference; lastKnownFileType = sourcecode.c.h; path = OGContactType.h; sourceTree = "<group>"; };
		EAC384111DB439CE00235B27 /* OGGameScene+OGGameSceneCreation.h */ = {isa = PBXFileReference; fileEncoding = 4; lastKnownFileType = sourcecode.c.h; path = "OGGameScene+OGGameSceneCreation.h"; sourceTree = "<group>"; };
		EAC384121DB439CE00235B27 /* OGGameScene+OGGameSceneCreation.m */ = {isa = PBXFileReference; fileEncoding = 4; lastKnownFileType = sourcecode.c.objc; path = "OGGameScene+OGGameSceneCreation.m"; sourceTree = "<group>"; };
		EAFBC9701DB3CFC800142D66 /* OGGameScene.h */ = {isa = PBXFileReference; fileEncoding = 4; lastKnownFileType = sourcecode.c.h; path = OGGameScene.h; sourceTree = "<group>"; };
		EAFBC9711DB3CFC800142D66 /* OGGameScene.m */ = {isa = PBXFileReference; fileEncoding = 4; lastKnownFileType = sourcecode.c.objc; path = OGGameScene.m; sourceTree = "<group>"; };
		EAFBC9761DB3E64800142D66 /* OGTransitionComponent.h */ = {isa = PBXFileReference; fileEncoding = 4; lastKnownFileType = sourcecode.c.h; path = OGTransitionComponent.h; sourceTree = "<group>"; };
		EAFBC9771DB3E64800142D66 /* OGTransitionComponent.m */ = {isa = PBXFileReference; fileEncoding = 4; lastKnownFileType = sourcecode.c.objc; path = OGTransitionComponent.m; sourceTree = "<group>"; };
/* End PBXFileReference section */

/* Begin PBXFrameworksBuildPhase section */
		EA976C791D9AAEE2003B77FC /* Frameworks */ = {
			isa = PBXFrameworksBuildPhase;
			buildActionMask = 2147483647;
			files = (
			);
			runOnlyForDeploymentPostprocessing = 0;
		};
/* End PBXFrameworksBuildPhase section */

/* Begin PBXGroup section */
		1B2388DC1DB4C47D00A9092B /* movementControlComponents */ = {
			isa = PBXGroup;
			children = (
				1B2388D91DB4BDD000A9092B /* OGDragMovementControlComponent.h */,
				1B2388DA1DB4BDD000A9092B /* OGDragMovementControlComponent.m */,
				1B2388DD1DB4C4A000A9092B /* OGMovementControlComponent.h */,
				1B2388DE1DB4C4A000A9092B /* OGMovementControlComponent.m */,
				1B2388E01DB4C97700A9092B /* OGTapMovementControlComponent.h */,
				1B2388E11DB4C97700A9092B /* OGTapMovementControlComponent.m */,
			);
			name = movementControlComponents;
			sourceTree = "<group>";
		};
		EA0D27271DB1473A00CEFB8A /* Components */ = {
			isa = PBXGroup;
			children = (
				1B2388DC1DB4C47D00A9092B /* movementControlComponents */,
				EAFBC9761DB3E64800142D66 /* OGTransitionComponent.h */,
				EAFBC9771DB3E64800142D66 /* OGTransitionComponent.m */,
				EA70E5201DB3F4620034116D /* OGMovementComponent.h */,
				EA70E5211DB3F4620034116D /* OGMovementComponent.m */,
				EA70E5241DB3F4620034116D /* OGVisualComponent.h */,
				EA70E5251DB3F4620034116D /* OGVisualComponent.m */,
			);
			name = Components;
			sourceTree = "<group>";
		};
		EA0D27281DB1475000CEFB8A /* ScenesController */ = {
			isa = PBXGroup;
			children = (
				EA0D27291DB1478F00CEFB8A /* OGScenesController.h */,
				EA0D272A1DB1478F00CEFB8A /* OGScenesController.m */,
				EA0D272C1DB147C100CEFB8A /* OGGameSceneDelegate.h */,
				EA0D27391DB153A400CEFB8A /* OGPortalLocation.h */,
			);
			name = ScenesController;
			sourceTree = "<group>";
		};
		EA5C3B171DB66A70006FC219 /* Control choosing */ = {
			isa = PBXGroup;
			children = (
				EA5C3B141DB66A68006FC219 /* OGControlChoosingScene.h */,
				EA5C3B151DB66A68006FC219 /* OGControlChoosingScene.m */,
			);
			name = "Control choosing";
			sourceTree = "<group>";
		};
		EA70E52C1DB3F4770034116D /* Nodes */ = {
			isa = PBXGroup;
			children = (
				EAA490C91DA7E087007734F0 /* OGEnemyNode.h */,
				EAA490CA1DA7E087007734F0 /* OGEnemyNode.m */,
				1BDD762E1DA7C26500C522DE /* OGObstacleNode.h */,
				1BDD762F1DA7C26500C522DE /* OGObstacleNode.m */,
				1BDD76301DA7C26500C522DE /* OGPlayerNode.h */,
				1BDD76311DA7C26500C522DE /* OGPlayerNode.m */,
				1B9458A21DA6B08900C0C951 /* OGBasicGameNode.h */,
				1B9458A31DA6B08900C0C951 /* OGBasicGameNode.m */,
				EA976D0D1D9FE940003B77FC /* OGTimerNode.h */,
				EA976D0E1D9FE940003B77FC /* OGTimerNode.m */,
				1B9458A51DA6B0B300C0C951 /* OGBonusNode.h */,
				1B9458A61DA6B0B300C0C951 /* OGBonusNode.m */,
				EA70E5221DB3F4620034116D /* OGSpriteNode.h */,
				EA70E5231DB3F4620034116D /* OGSpriteNode.m */,
			);
			name = Nodes;
			sourceTree = "<group>";
		};
		EA976C731D9AAEE2003B77FC = {
			isa = PBXGroup;
			children = (
				EA976C7E1D9AAEE2003B77FC /* Olvido */,
				EA976C7D1D9AAEE2003B77FC /* Products */,
			);
			sourceTree = "<group>";
		};
		EA976C7D1D9AAEE2003B77FC /* Products */ = {
			isa = PBXGroup;
			children = (
				EA976C7C1D9AAEE2003B77FC /* Olvido.app */,
			);
			name = Products;
			sourceTree = "<group>";
		};
		EA976C7E1D9AAEE2003B77FC /* Olvido */ = {
			isa = PBXGroup;
			children = (
				EA70E52C1DB3F4770034116D /* Nodes */,
				EA0D27281DB1475000CEFB8A /* ScenesController */,
				EA976D051D9EDBF8003B77FC /* Scenes */,
				EA976D091D9F03A9003B77FC /* Entities */,
				EA976C8A1D9AAEE2003B77FC /* OGGameViewController.h */,
				EA976C8B1D9AAEE2003B77FC /* OGGameViewController.m */,
				EA976C821D9AAEE2003B77FC /* OGAppDelegate.h */,
				EA976C831D9AAEE2003B77FC /* OGAppDelegate.m */,
				EAC384151DB43A2800235B27 /* Utils */,
				EA976CCB1D9C253B003B77FC /* LaunchScreen.storyboard */,
				EA976CCD1D9C253B003B77FC /* Main.storyboard */,
				EA976C901D9AAEE2003B77FC /* Assets.xcassets */,
				EA976C951D9AAEE3003B77FC /* Info.plist */,
				EA976C7F1D9AAEE2003B77FC /* Supporting Files */,
			);
			path = Olvido;
			sourceTree = "<group>";
		};
		EA976C7F1D9AAEE2003B77FC /* Supporting Files */ = {
			isa = PBXGroup;
			children = (
				EA976C801D9AAEE2003B77FC /* main.m */,
			);
			name = "Supporting Files";
			sourceTree = "<group>";
		};
		EA976D051D9EDBF8003B77FC /* Scenes */ = {
			isa = PBXGroup;
			children = (
				EA5C3B171DB66A70006FC219 /* Control choosing */,
				EAC384141DB43A0A00235B27 /* Utils */,
				EA0D27331DB1503500CEFB8A /* OGInitialScene.h */,
				EA0D27341DB1503500CEFB8A /* OGInitialScene.m */,
				EA0D273A1DB1576400CEFB8A /* OGObstaclesScene.h */,
				EA0D273B1DB1576400CEFB8A /* OGObstaclesScene.m */,
				EA0D273E1DB15C4E00CEFB8A /* OGMovingObstaclesScene.h */,
				EA0D273F1DB15C4E00CEFB8A /* OGMovingObstaclesScene.m */,
				EA5C3B0D1DB4A682006FC219 /* OGFlameScene.h */,
				EA5C3B0E1DB4A682006FC219 /* OGFlameScene.m */,
				EAFBC9701DB3CFC800142D66 /* OGGameScene.h */,
				EAFBC9711DB3CFC800142D66 /* OGGameScene.m */,
				EAC384111DB439CE00235B27 /* OGGameScene+OGGameSceneCreation.h */,
				EAC384121DB439CE00235B27 /* OGGameScene+OGGameSceneCreation.m */,
			);
			name = Scenes;
			sourceTree = "<group>";
		};
		EA976D091D9F03A9003B77FC /* Entities */ = {
			isa = PBXGroup;
			children = (
				EA0D27271DB1473A00CEFB8A /* Components */,
				EA70E51E1DB3F4620034116D /* OGEntity.h */,
				EA70E51F1DB3F4620034116D /* OGEntity.m */,
			);
			name = Entities;
			sourceTree = "<group>";
		};
		EAC384141DB43A0A00235B27 /* Utils */ = {
			isa = PBXGroup;
			children = (
				EAA490C41DA7BE0C007734F0 /* OGCollisionBitMask.h */,
				EAA490AE1DA54B72007734F0 /* OGScoreController.h */,
				EAA490AF1DA54B72007734F0 /* OGScoreController.m */,
				EAA490CC1DAAA0B6007734F0 /* OGContactType.h */,
				EA5C3B101DB4A7D4006FC219 /* Flame.sks */,
				EA5C3B111DB4A7D4006FC219 /* spark.png */,
			);
			name = Utils;
			sourceTree = "<group>";
		};
		EAC384151DB43A2800235B27 /* Utils */ = {
			isa = PBXGroup;
			children = (
				EA976CFF1D9ED6BF003B77FC /* SKColor+OGConstantColors.h */,
				EA976D001D9ED6BF003B77FC /* SKColor+OGConstantColors.m */,
				EA976D0A1D9FDF76003B77FC /* OGTimer.h */,
				EA976D0B1D9FDF76003B77FC /* OGTimer.m */,
				EAA490C51DA7BE52007734F0 /* OGConstants.h */,
				EAA490C61DA7BE64007734F0 /* OGConstants.m */,
				EA0D272D1DB149DA00CEFB8A /* LevelsMap.plist */,
				EA70E5261DB3F4620034116D /* playerTail.sks */,
			);
			name = Utils;
			sourceTree = "<group>";
		};
/* End PBXGroup section */

/* Begin PBXNativeTarget section */
		EA976C7B1D9AAEE2003B77FC /* Olvido */ = {
			isa = PBXNativeTarget;
			buildConfigurationList = EA976C981D9AAEE3003B77FC /* Build configuration list for PBXNativeTarget "Olvido" */;
			buildPhases = (
				EA976C781D9AAEE2003B77FC /* Sources */,
				EA976C791D9AAEE2003B77FC /* Frameworks */,
				EA976C7A1D9AAEE2003B77FC /* Resources */,
			);
			buildRules = (
			);
			dependencies = (
			);
			name = Olvido;
			productName = Olvido;
			productReference = EA976C7C1D9AAEE2003B77FC /* Olvido.app */;
			productType = "com.apple.product-type.application";
		};
/* End PBXNativeTarget section */

/* Begin PBXProject section */
		EA976C741D9AAEE2003B77FC /* Project object */ = {
			isa = PBXProject;
			attributes = {
				CLASSPREFIX = OG;
				LastUpgradeCheck = 0800;
				ORGANIZATIONNAME = "Дмитрий Антипенко";
				TargetAttributes = {
					EA976C7B1D9AAEE2003B77FC = {
						CreatedOnToolsVersion = 7.3.1;
						DevelopmentTeam = Z8D3NJ2X9W;
					};
				};
			};
			buildConfigurationList = EA976C771D9AAEE2003B77FC /* Build configuration list for PBXProject "Olvido" */;
			compatibilityVersion = "Xcode 3.2";
			developmentRegion = English;
			hasScannedForEncodings = 0;
			knownRegions = (
				en,
				Base,
			);
			mainGroup = EA976C731D9AAEE2003B77FC;
			productRefGroup = EA976C7D1D9AAEE2003B77FC /* Products */;
			projectDirPath = "";
			projectRoot = "";
			targets = (
				EA976C7B1D9AAEE2003B77FC /* Olvido */,
			);
		};
/* End PBXProject section */

/* Begin PBXResourcesBuildPhase section */
		EA976C7A1D9AAEE2003B77FC /* Resources */ = {
			isa = PBXResourcesBuildPhase;
			buildActionMask = 2147483647;
			files = (
				EA976CD01D9C253B003B77FC /* Main.storyboard in Resources */,
				EA5C3B121DB4A7D4006FC219 /* Flame.sks in Resources */,
				EA70E52B1DB3F4620034116D /* playerTail.sks in Resources */,
				EA5C3B131DB4A7D4006FC219 /* spark.png in Resources */,
				EA976C911D9AAEE2003B77FC /* Assets.xcassets in Resources */,
				EA0D272E1DB149DA00CEFB8A /* LevelsMap.plist in Resources */,
				EA976CCF1D9C253B003B77FC /* LaunchScreen.storyboard in Resources */,
			);
			runOnlyForDeploymentPostprocessing = 0;
		};
/* End PBXResourcesBuildPhase section */

/* Begin PBXSourcesBuildPhase section */
		EA976C781D9AAEE2003B77FC /* Sources */ = {
			isa = PBXSourcesBuildPhase;
			buildActionMask = 2147483647;
			files = (
				1B2388E21DB4C97700A9092B /* OGTapMovementControlComponent.m in Sources */,
				EA5C3B0F1DB4A682006FC219 /* OGFlameScene.m in Sources */,
				EAC384131DB439CE00235B27 /* OGGameScene+OGGameSceneCreation.m in Sources */,
				1B9458A71DA6B0B300C0C951 /* OGBonusNode.m in Sources */,
				1B2388DB1DB4BDD000A9092B /* OGDragMovementControlComponent.m in Sources */,
				EA976D0C1D9FDF76003B77FC /* OGTimer.m in Sources */,
				EAFBC9781DB3E64800142D66 /* OGTransitionComponent.m in Sources */,
				EA70E52A1DB3F4620034116D /* OGVisualComponent.m in Sources */,
				EA976D011D9ED6BF003B77FC /* SKColor+OGConstantColors.m in Sources */,
				EAA490B01DA54B72007734F0 /* OGScoreController.m in Sources */,
				1BDD76331DA7C26500C522DE /* OGPlayerNode.m in Sources */,
				EA976C8C1D9AAEE2003B77FC /* OGGameViewController.m in Sources */,
				EA976C841D9AAEE2003B77FC /* OGAppDelegate.m in Sources */,
				1B9458A41DA6B08900C0C951 /* OGBasicGameNode.m in Sources */,
				EA70E5291DB3F4620034116D /* OGSpriteNode.m in Sources */,
				EA0D27351DB1503500CEFB8A /* OGInitialScene.m in Sources */,
				EAA490C71DA7BE64007734F0 /* OGConstants.m in Sources */,
				EAFBC9721DB3CFC800142D66 /* OGGameScene.m in Sources */,
				EA5C3B161DB66A68006FC219 /* OGControlChoosingScene.m in Sources */,
				1BDD76321DA7C26500C522DE /* OGObstacleNode.m in Sources */,
				EAA490CB1DA7E087007734F0 /* OGEnemyNode.m in Sources */,
				EA976D0F1D9FE940003B77FC /* OGTimerNode.m in Sources */,
				EA0D272B1DB1478F00CEFB8A /* OGScenesController.m in Sources */,
				EA0D273C1DB1576400CEFB8A /* OGObstaclesScene.m in Sources */,
				EA976C811D9AAEE2003B77FC /* main.m in Sources */,
				1B2388DF1DB4C4A000A9092B /* OGMovementControlComponent.m in Sources */,
				EA70E5271DB3F4620034116D /* OGEntity.m in Sources */,
				EA0D27401DB15C4E00CEFB8A /* OGMovingObstaclesScene.m in Sources */,
				EA70E5281DB3F4620034116D /* OGMovementComponent.m in Sources */,
			);
			runOnlyForDeploymentPostprocessing = 0;
		};
/* End PBXSourcesBuildPhase section */

/* Begin PBXVariantGroup section */
		EA976CCB1D9C253B003B77FC /* LaunchScreen.storyboard */ = {
			isa = PBXVariantGroup;
			children = (
				EA976CCC1D9C253B003B77FC /* Base */,
			);
			name = LaunchScreen.storyboard;
			sourceTree = "<group>";
		};
		EA976CCD1D9C253B003B77FC /* Main.storyboard */ = {
			isa = PBXVariantGroup;
			children = (
				EA976CCE1D9C253B003B77FC /* Base */,
			);
			name = Main.storyboard;
			sourceTree = "<group>";
		};
/* End PBXVariantGroup section */

/* Begin XCBuildConfiguration section */
		EA976C961D9AAEE3003B77FC /* Debug */ = {
			isa = XCBuildConfiguration;
			buildSettings = {
				ALWAYS_SEARCH_USER_PATHS = NO;
				CLANG_ANALYZER_NONNULL = YES;
				CLANG_CXX_LANGUAGE_STANDARD = "gnu++0x";
				CLANG_CXX_LIBRARY = "libc++";
				CLANG_ENABLE_MODULES = YES;
				CLANG_ENABLE_OBJC_ARC = NO;
				CLANG_WARN_BOOL_CONVERSION = YES;
				CLANG_WARN_CONSTANT_CONVERSION = YES;
				CLANG_WARN_DIRECT_OBJC_ISA_USAGE = YES_ERROR;
				CLANG_WARN_EMPTY_BODY = YES;
				CLANG_WARN_ENUM_CONVERSION = YES;
				CLANG_WARN_INFINITE_RECURSION = YES;
				CLANG_WARN_INT_CONVERSION = YES;
				CLANG_WARN_OBJC_ROOT_CLASS = YES_ERROR;
				CLANG_WARN_SUSPICIOUS_MOVE = YES;
				CLANG_WARN_UNREACHABLE_CODE = YES;
				CLANG_WARN__DUPLICATE_METHOD_MATCH = YES;
				"CODE_SIGN_IDENTITY[sdk=iphoneos*]" = "iPhone Developer";
				COPY_PHASE_STRIP = NO;
				DEBUG_INFORMATION_FORMAT = "dwarf-with-dsym";
				ENABLE_STRICT_OBJC_MSGSEND = YES;
				ENABLE_TESTABILITY = YES;
				GCC_C_LANGUAGE_STANDARD = gnu99;
				GCC_DYNAMIC_NO_PIC = NO;
				GCC_NO_COMMON_BLOCKS = YES;
				GCC_OPTIMIZATION_LEVEL = 0;
				GCC_PREPROCESSOR_DEFINITIONS = (
					"DEBUG=1",
					"$(inherited)",
				);
				GCC_WARN_64_TO_32_BIT_CONVERSION = YES;
				GCC_WARN_ABOUT_RETURN_TYPE = YES_ERROR;
				GCC_WARN_UNDECLARED_SELECTOR = YES;
				GCC_WARN_UNINITIALIZED_AUTOS = YES_AGGRESSIVE;
				GCC_WARN_UNUSED_FUNCTION = YES;
				GCC_WARN_UNUSED_VARIABLE = YES;
				IPHONEOS_DEPLOYMENT_TARGET = 9.3;
				MTL_ENABLE_DEBUG_INFO = YES;
				ONLY_ACTIVE_ARCH = YES;
				SDKROOT = iphoneos;
				TARGETED_DEVICE_FAMILY = "1,2";
			};
			name = Debug;
		};
		EA976C971D9AAEE3003B77FC /* Release */ = {
			isa = XCBuildConfiguration;
			buildSettings = {
				ALWAYS_SEARCH_USER_PATHS = NO;
				CLANG_ANALYZER_NONNULL = YES;
				CLANG_CXX_LANGUAGE_STANDARD = "gnu++0x";
				CLANG_CXX_LIBRARY = "libc++";
				CLANG_ENABLE_MODULES = YES;
				CLANG_ENABLE_OBJC_ARC = NO;
				CLANG_WARN_BOOL_CONVERSION = YES;
				CLANG_WARN_CONSTANT_CONVERSION = YES;
				CLANG_WARN_DIRECT_OBJC_ISA_USAGE = YES_ERROR;
				CLANG_WARN_EMPTY_BODY = YES;
				CLANG_WARN_ENUM_CONVERSION = YES;
				CLANG_WARN_INFINITE_RECURSION = YES;
				CLANG_WARN_INT_CONVERSION = YES;
				CLANG_WARN_OBJC_ROOT_CLASS = YES_ERROR;
				CLANG_WARN_SUSPICIOUS_MOVE = YES;
				CLANG_WARN_UNREACHABLE_CODE = YES;
				CLANG_WARN__DUPLICATE_METHOD_MATCH = YES;
				"CODE_SIGN_IDENTITY[sdk=iphoneos*]" = "iPhone Developer";
				COPY_PHASE_STRIP = NO;
				DEBUG_INFORMATION_FORMAT = "dwarf-with-dsym";
				ENABLE_NS_ASSERTIONS = NO;
				ENABLE_STRICT_OBJC_MSGSEND = YES;
				GCC_C_LANGUAGE_STANDARD = gnu99;
				GCC_NO_COMMON_BLOCKS = YES;
				GCC_WARN_64_TO_32_BIT_CONVERSION = YES;
				GCC_WARN_ABOUT_RETURN_TYPE = YES_ERROR;
				GCC_WARN_UNDECLARED_SELECTOR = YES;
				GCC_WARN_UNINITIALIZED_AUTOS = YES_AGGRESSIVE;
				GCC_WARN_UNUSED_FUNCTION = YES;
				GCC_WARN_UNUSED_VARIABLE = YES;
				IPHONEOS_DEPLOYMENT_TARGET = 9.3;
				MTL_ENABLE_DEBUG_INFO = NO;
				SDKROOT = iphoneos;
				TARGETED_DEVICE_FAMILY = "1,2";
				VALIDATE_PRODUCT = YES;
			};
			name = Release;
		};
		EA976C991D9AAEE3003B77FC /* Debug */ = {
			isa = XCBuildConfiguration;
			buildSettings = {
				ASSETCATALOG_COMPILER_APPICON_NAME = AppIcon;
				CLANG_ENABLE_OBJC_ARC = NO;
				CODE_SIGN_IDENTITY = "iPhone Developer";
				"CODE_SIGN_IDENTITY[sdk=iphoneos*]" = "iPhone Developer";
				DEVELOPMENT_TEAM = Z8D3NJ2X9W;
				INFOPLIST_FILE = Olvido/Info.plist;
				IPHONEOS_DEPLOYMENT_TARGET = 9.3;
				LD_RUNPATH_SEARCH_PATHS = "$(inherited) @executable_path/Frameworks";
				PRODUCT_BUNDLE_IDENTIFIER = ZEOUniversity.Olvido;
				PRODUCT_NAME = "$(TARGET_NAME)";
				PROVISIONING_PROFILE = "";
			};
			name = Debug;
		};
		EA976C9A1D9AAEE3003B77FC /* Release */ = {
			isa = XCBuildConfiguration;
			buildSettings = {
				ASSETCATALOG_COMPILER_APPICON_NAME = AppIcon;
				CLANG_ENABLE_OBJC_ARC = NO;
				CODE_SIGN_IDENTITY = "iPhone Developer";
				"CODE_SIGN_IDENTITY[sdk=iphoneos*]" = "iPhone Developer";
				DEVELOPMENT_TEAM = Z8D3NJ2X9W;
				INFOPLIST_FILE = Olvido/Info.plist;
				IPHONEOS_DEPLOYMENT_TARGET = 9.3;
				LD_RUNPATH_SEARCH_PATHS = "$(inherited) @executable_path/Frameworks";
				PRODUCT_BUNDLE_IDENTIFIER = ZEOUniversity.Olvido;
				PRODUCT_NAME = "$(TARGET_NAME)";
				PROVISIONING_PROFILE = "";
			};
			name = Release;
		};
/* End XCBuildConfiguration section */

/* Begin XCConfigurationList section */
		EA976C771D9AAEE2003B77FC /* Build configuration list for PBXProject "Olvido" */ = {
			isa = XCConfigurationList;
			buildConfigurations = (
				EA976C961D9AAEE3003B77FC /* Debug */,
				EA976C971D9AAEE3003B77FC /* Release */,
			);
			defaultConfigurationIsVisible = 0;
			defaultConfigurationName = Release;
		};
		EA976C981D9AAEE3003B77FC /* Build configuration list for PBXNativeTarget "Olvido" */ = {
			isa = XCConfigurationList;
			buildConfigurations = (
				EA976C991D9AAEE3003B77FC /* Debug */,
				EA976C9A1D9AAEE3003B77FC /* Release */,
			);
			defaultConfigurationIsVisible = 0;
			defaultConfigurationName = Release;
		};
/* End XCConfigurationList section */
	};
	rootObject = EA976C741D9AAEE2003B77FC /* Project object */;
}
